
Microsoft Visual Studio Solution File, Format Version 12.00
# Visual Studio 15
VisualStudioVersion = 15.0.26124.0
MinimumVisualStudioVersion = 15.0.26124.0
Project("{2150E333-8FDC-42A3-9474-1A3956D46DE8}") = "ThirdPart", "ThirdPart", "{61E1DB06-9F1D-49A3-B6A2-1D141D0E15A2}"
EndProject
Project("{2150E333-8FDC-42A3-9474-1A3956D46DE8}") = "B2R2", "B2R2", "{FA1AFFB8-C1CB-44FB-948B-C6D3A63705AB}"
EndProject
Project("{F2A71F9B-5D33-465A-A702-920D77279786}") = "ES.Sojobo", "ES.Sojobo\ES.Sojobo.fsproj", "{993EA649-3FA2-4F27-ABBD-2EF650B9F4C8}"
EndProject
Project("{F2A71F9B-5D33-465A-A702-920D77279786}") = "EndToEndTests", "EndToEndTests\EndToEndTests.fsproj", "{1F93EBBC-8C2D-4CF5-8AF5-F35DF3B5FA50}"
EndProject
Project("{2150E333-8FDC-42A3-9474-1A3956D46DE8}") = "Tests", "Tests", "{0F05462B-35E6-4CE8-A9B6-F411FE10E86C}"
EndProject
Project("{6EC3EE1D-3C4E-46DD-8F32-0CC8E7565705}") = "B2R2.BinAnalysis", "ThirdPart\B2R2\src\BinAnalysis\B2R2.BinAnalysis.fsproj", "{4DFA5C02-9D11-4F67-88DD-14480F766B2E}"
EndProject
Project("{6EC3EE1D-3C4E-46DD-8F32-0CC8E7565705}") = "B2R2.BinFile", "ThirdPart\B2R2\src\BinFile\B2R2.BinFile.fsproj", "{815D72B9-C83F-4EF2-9FCB-1B1CABF29026}"
EndProject
Project("{6EC3EE1D-3C4E-46DD-8F32-0CC8E7565705}") = "B2R2.BinIR", "ThirdPart\B2R2\src\BinIR\B2R2.BinIR.fsproj", "{3B620C49-B570-4A68-BFBE-44F1FF2C03F6}"
EndProject
Project("{6EC3EE1D-3C4E-46DD-8F32-0CC8E7565705}") = "B2R2.Core", "ThirdPart\B2R2\src\Core\B2R2.Core.fsproj", "{DCB290B6-B373-42BE-81CC-12431957721B}"
EndProject
Project("{6EC3EE1D-3C4E-46DD-8F32-0CC8E7565705}") = "B2R2.FrontEnd.Core", "ThirdPart\B2R2\src\FrontEnd\Core\B2R2.FrontEnd.Core.fsproj", "{1B240A8A-A3F5-4BC2-8E39-63BB42AF0A4A}"
EndProject
Project("{6EC3EE1D-3C4E-46DD-8F32-0CC8E7565705}") = "B2R2.FrontEnd.ARM32", "ThirdPart\B2R2\src\FrontEnd\ARM32\B2R2.FrontEnd.ARM32.fsproj", "{4E8E83BE-295E-4A6C-AFB5-7E5646F4489B}"
EndProject
Project("{6EC3EE1D-3C4E-46DD-8F32-0CC8E7565705}") = "B2R2.FrontEnd.ARM64", "ThirdPart\B2R2\src\FrontEnd\ARM64\B2R2.FrontEnd.ARM64.fsproj", "{ADBBF2CB-5337-4540-B28E-EBA18C1FF2D9}"
EndProject
Project("{6EC3EE1D-3C4E-46DD-8F32-0CC8E7565705}") = "B2R2.FrontEnd.Intel", "ThirdPart\B2R2\src\FrontEnd\Intel\B2R2.FrontEnd.Intel.fsproj", "{4BC593D3-A392-477C-B78E-A770627A581F}"
EndProject
Project("{6EC3EE1D-3C4E-46DD-8F32-0CC8E7565705}") = "B2R2.FrontEnd.Library", "ThirdPart\B2R2\src\FrontEnd\Library\B2R2.FrontEnd.Library.fsproj", "{A08B64D4-60AB-47FD-95EC-32FBFE6853D7}"
EndProject
Project("{6EC3EE1D-3C4E-46DD-8F32-0CC8E7565705}") = "B2R2.FrontEnd.MIPS", "ThirdPart\B2R2\src\FrontEnd\MIPS\B2R2.FrontEnd.MIPS.fsproj", "{46CDE296-C281-460A-AC8D-65FA1C87845A}"
EndProject
Project("{6EC3EE1D-3C4E-46DD-8F32-0CC8E7565705}") = "B2R2.FrontEnd.Optimizer", "ThirdPart\B2R2\src\FrontEnd\Optimizer\B2R2.FrontEnd.Optimizer.fsproj", "{8784645B-535E-41C7-8CD7-A3A870F3EB36}"
EndProject
Project("{8BC9CEB8-8B4A-11D0-8D11-00A0C91BC942}") = "RunShellcodeWithVirtualAlloc", "EndToEndTests\RunShellcodeWithVirtualAlloc\RunShellcodeWithVirtualAlloc.vcxproj", "{125B3129-C3DE-424A-AB45-DC2484F6A436}"
EndProject
Global
	GlobalSection(SolutionConfigurationPlatforms) = preSolution
		Debug|Any CPU = Debug|Any CPU
		Debug|x64 = Debug|x64
		Debug|x86 = Debug|x86
		Release|Any CPU = Release|Any CPU
		Release|x64 = Release|x64
		Release|x86 = Release|x86
	EndGlobalSection
	GlobalSection(ProjectConfigurationPlatforms) = postSolution
		{993EA649-3FA2-4F27-ABBD-2EF650B9F4C8}.Debug|Any CPU.ActiveCfg = Debug|Any CPU
		{993EA649-3FA2-4F27-ABBD-2EF650B9F4C8}.Debug|Any CPU.Build.0 = Debug|Any CPU
		{993EA649-3FA2-4F27-ABBD-2EF650B9F4C8}.Debug|x64.ActiveCfg = Debug|Any CPU
		{993EA649-3FA2-4F27-ABBD-2EF650B9F4C8}.Debug|x64.Build.0 = Debug|Any CPU
		{993EA649-3FA2-4F27-ABBD-2EF650B9F4C8}.Debug|x86.ActiveCfg = Debug|Any CPU
		{993EA649-3FA2-4F27-ABBD-2EF650B9F4C8}.Debug|x86.Build.0 = Debug|Any CPU
		{993EA649-3FA2-4F27-ABBD-2EF650B9F4C8}.Release|Any CPU.ActiveCfg = Release|Any CPU
		{993EA649-3FA2-4F27-ABBD-2EF650B9F4C8}.Release|Any CPU.Build.0 = Release|Any CPU
		{993EA649-3FA2-4F27-ABBD-2EF650B9F4C8}.Release|x64.ActiveCfg = Release|Any CPU
		{993EA649-3FA2-4F27-ABBD-2EF650B9F4C8}.Release|x64.Build.0 = Release|Any CPU
		{993EA649-3FA2-4F27-ABBD-2EF650B9F4C8}.Release|x86.ActiveCfg = Release|Any CPU
		{993EA649-3FA2-4F27-ABBD-2EF650B9F4C8}.Release|x86.Build.0 = Release|Any CPU
		{1F93EBBC-8C2D-4CF5-8AF5-F35DF3B5FA50}.Debug|Any CPU.ActiveCfg = Debug|Any CPU
		{1F93EBBC-8C2D-4CF5-8AF5-F35DF3B5FA50}.Debug|Any CPU.Build.0 = Debug|Any CPU
		{1F93EBBC-8C2D-4CF5-8AF5-F35DF3B5FA50}.Debug|x64.ActiveCfg = Debug|Any CPU
		{1F93EBBC-8C2D-4CF5-8AF5-F35DF3B5FA50}.Debug|x64.Build.0 = Debug|Any CPU
		{1F93EBBC-8C2D-4CF5-8AF5-F35DF3B5FA50}.Debug|x86.ActiveCfg = Debug|Any CPU
		{1F93EBBC-8C2D-4CF5-8AF5-F35DF3B5FA50}.Debug|x86.Build.0 = Debug|Any CPU
		{1F93EBBC-8C2D-4CF5-8AF5-F35DF3B5FA50}.Release|Any CPU.ActiveCfg = Release|Any CPU
		{1F93EBBC-8C2D-4CF5-8AF5-F35DF3B5FA50}.Release|Any CPU.Build.0 = Release|Any CPU
		{1F93EBBC-8C2D-4CF5-8AF5-F35DF3B5FA50}.Release|x64.ActiveCfg = Release|Any CPU
		{1F93EBBC-8C2D-4CF5-8AF5-F35DF3B5FA50}.Release|x64.Build.0 = Release|Any CPU
		{1F93EBBC-8C2D-4CF5-8AF5-F35DF3B5FA50}.Release|x86.ActiveCfg = Release|Any CPU
		{1F93EBBC-8C2D-4CF5-8AF5-F35DF3B5FA50}.Release|x86.Build.0 = Release|Any CPU
		{4DFA5C02-9D11-4F67-88DD-14480F766B2E}.Debug|Any CPU.ActiveCfg = Debug|Any CPU
		{4DFA5C02-9D11-4F67-88DD-14480F766B2E}.Debug|Any CPU.Build.0 = Debug|Any CPU
		{4DFA5C02-9D11-4F67-88DD-14480F766B2E}.Debug|x64.ActiveCfg = Debug|Any CPU
		{4DFA5C02-9D11-4F67-88DD-14480F766B2E}.Debug|x64.Build.0 = Debug|Any CPU
		{4DFA5C02-9D11-4F67-88DD-14480F766B2E}.Debug|x86.ActiveCfg = Debug|Any CPU
		{4DFA5C02-9D11-4F67-88DD-14480F766B2E}.Debug|x86.Build.0 = Debug|Any CPU
		{4DFA5C02-9D11-4F67-88DD-14480F766B2E}.Release|Any CPU.ActiveCfg = Release|Any CPU
		{4DFA5C02-9D11-4F67-88DD-14480F766B2E}.Release|Any CPU.Build.0 = Release|Any CPU
		{4DFA5C02-9D11-4F67-88DD-14480F766B2E}.Release|x64.ActiveCfg = Release|Any CPU
		{4DFA5C02-9D11-4F67-88DD-14480F766B2E}.Release|x64.Build.0 = Release|Any CPU
		{4DFA5C02-9D11-4F67-88DD-14480F766B2E}.Release|x86.ActiveCfg = Release|Any CPU
		{4DFA5C02-9D11-4F67-88DD-14480F766B2E}.Release|x86.Build.0 = Release|Any CPU
		{815D72B9-C83F-4EF2-9FCB-1B1CABF29026}.Debug|Any CPU.ActiveCfg = Debug|Any CPU
		{815D72B9-C83F-4EF2-9FCB-1B1CABF29026}.Debug|Any CPU.Build.0 = Debug|Any CPU
		{815D72B9-C83F-4EF2-9FCB-1B1CABF29026}.Debug|x64.ActiveCfg = Debug|Any CPU
		{815D72B9-C83F-4EF2-9FCB-1B1CABF29026}.Debug|x64.Build.0 = Debug|Any CPU
		{815D72B9-C83F-4EF2-9FCB-1B1CABF29026}.Debug|x86.ActiveCfg = Debug|Any CPU
		{815D72B9-C83F-4EF2-9FCB-1B1CABF29026}.Debug|x86.Build.0 = Debug|Any CPU
		{815D72B9-C83F-4EF2-9FCB-1B1CABF29026}.Release|Any CPU.ActiveCfg = Release|Any CPU
		{815D72B9-C83F-4EF2-9FCB-1B1CABF29026}.Release|Any CPU.Build.0 = Release|Any CPU
		{815D72B9-C83F-4EF2-9FCB-1B1CABF29026}.Release|x64.ActiveCfg = Release|Any CPU
		{815D72B9-C83F-4EF2-9FCB-1B1CABF29026}.Release|x64.Build.0 = Release|Any CPU
		{815D72B9-C83F-4EF2-9FCB-1B1CABF29026}.Release|x86.ActiveCfg = Release|Any CPU
		{815D72B9-C83F-4EF2-9FCB-1B1CABF29026}.Release|x86.Build.0 = Release|Any CPU
		{3B620C49-B570-4A68-BFBE-44F1FF2C03F6}.Debug|Any CPU.ActiveCfg = Debug|Any CPU
		{3B620C49-B570-4A68-BFBE-44F1FF2C03F6}.Debug|Any CPU.Build.0 = Debug|Any CPU
		{3B620C49-B570-4A68-BFBE-44F1FF2C03F6}.Debug|x64.ActiveCfg = Debug|Any CPU
		{3B620C49-B570-4A68-BFBE-44F1FF2C03F6}.Debug|x64.Build.0 = Debug|Any CPU
		{3B620C49-B570-4A68-BFBE-44F1FF2C03F6}.Debug|x86.ActiveCfg = Debug|Any CPU
		{3B620C49-B570-4A68-BFBE-44F1FF2C03F6}.Debug|x86.Build.0 = Debug|Any CPU
		{3B620C49-B570-4A68-BFBE-44F1FF2C03F6}.Release|Any CPU.ActiveCfg = Release|Any CPU
		{3B620C49-B570-4A68-BFBE-44F1FF2C03F6}.Release|Any CPU.Build.0 = Release|Any CPU
		{3B620C49-B570-4A68-BFBE-44F1FF2C03F6}.Release|x64.ActiveCfg = Release|Any CPU
		{3B620C49-B570-4A68-BFBE-44F1FF2C03F6}.Release|x64.Build.0 = Release|Any CPU
		{3B620C49-B570-4A68-BFBE-44F1FF2C03F6}.Release|x86.ActiveCfg = Release|Any CPU
		{3B620C49-B570-4A68-BFBE-44F1FF2C03F6}.Release|x86.Build.0 = Release|Any CPU
		{DCB290B6-B373-42BE-81CC-12431957721B}.Debug|Any CPU.ActiveCfg = Debug|Any CPU
		{DCB290B6-B373-42BE-81CC-12431957721B}.Debug|Any CPU.Build.0 = Debug|Any CPU
		{DCB290B6-B373-42BE-81CC-12431957721B}.Debug|x64.ActiveCfg = Debug|Any CPU
		{DCB290B6-B373-42BE-81CC-12431957721B}.Debug|x64.Build.0 = Debug|Any CPU
		{DCB290B6-B373-42BE-81CC-12431957721B}.Debug|x86.ActiveCfg = Debug|Any CPU
		{DCB290B6-B373-42BE-81CC-12431957721B}.Debug|x86.Build.0 = Debug|Any CPU
		{DCB290B6-B373-42BE-81CC-12431957721B}.Release|Any CPU.ActiveCfg = Release|Any CPU
		{DCB290B6-B373-42BE-81CC-12431957721B}.Release|Any CPU.Build.0 = Release|Any CPU
		{DCB290B6-B373-42BE-81CC-12431957721B}.Release|x64.ActiveCfg = Release|Any CPU
		{DCB290B6-B373-42BE-81CC-12431957721B}.Release|x64.Build.0 = Release|Any CPU
		{DCB290B6-B373-42BE-81CC-12431957721B}.Release|x86.ActiveCfg = Release|Any CPU
		{DCB290B6-B373-42BE-81CC-12431957721B}.Release|x86.Build.0 = Release|Any CPU
		{1B240A8A-A3F5-4BC2-8E39-63BB42AF0A4A}.Debug|Any CPU.ActiveCfg = Debug|Any CPU
		{1B240A8A-A3F5-4BC2-8E39-63BB42AF0A4A}.Debug|Any CPU.Build.0 = Debug|Any CPU
		{1B240A8A-A3F5-4BC2-8E39-63BB42AF0A4A}.Debug|x64.ActiveCfg = Debug|Any CPU
		{1B240A8A-A3F5-4BC2-8E39-63BB42AF0A4A}.Debug|x64.Build.0 = Debug|Any CPU
		{1B240A8A-A3F5-4BC2-8E39-63BB42AF0A4A}.Debug|x86.ActiveCfg = Debug|Any CPU
		{1B240A8A-A3F5-4BC2-8E39-63BB42AF0A4A}.Debug|x86.Build.0 = Debug|Any CPU
		{1B240A8A-A3F5-4BC2-8E39-63BB42AF0A4A}.Release|Any CPU.ActiveCfg = Release|Any CPU
		{1B240A8A-A3F5-4BC2-8E39-63BB42AF0A4A}.Release|Any CPU.Build.0 = Release|Any CPU
		{1B240A8A-A3F5-4BC2-8E39-63BB42AF0A4A}.Release|x64.ActiveCfg = Release|Any CPU
		{1B240A8A-A3F5-4BC2-8E39-63BB42AF0A4A}.Release|x64.Build.0 = Release|Any CPU
		{1B240A8A-A3F5-4BC2-8E39-63BB42AF0A4A}.Release|x86.ActiveCfg = Release|Any CPU
		{1B240A8A-A3F5-4BC2-8E39-63BB42AF0A4A}.Release|x86.Build.0 = Release|Any CPU
		{4E8E83BE-295E-4A6C-AFB5-7E5646F4489B}.Debug|Any CPU.ActiveCfg = Debug|Any CPU
		{4E8E83BE-295E-4A6C-AFB5-7E5646F4489B}.Debug|Any CPU.Build.0 = Debug|Any CPU
		{4E8E83BE-295E-4A6C-AFB5-7E5646F4489B}.Debug|x64.ActiveCfg = Debug|Any CPU
		{4E8E83BE-295E-4A6C-AFB5-7E5646F4489B}.Debug|x64.Build.0 = Debug|Any CPU
		{4E8E83BE-295E-4A6C-AFB5-7E5646F4489B}.Debug|x86.ActiveCfg = Debug|Any CPU
		{4E8E83BE-295E-4A6C-AFB5-7E5646F4489B}.Debug|x86.Build.0 = Debug|Any CPU
		{4E8E83BE-295E-4A6C-AFB5-7E5646F4489B}.Release|Any CPU.ActiveCfg = Release|Any CPU
		{4E8E83BE-295E-4A6C-AFB5-7E5646F4489B}.Release|Any CPU.Build.0 = Release|Any CPU
		{4E8E83BE-295E-4A6C-AFB5-7E5646F4489B}.Release|x64.ActiveCfg = Release|Any CPU
		{4E8E83BE-295E-4A6C-AFB5-7E5646F4489B}.Release|x64.Build.0 = Release|Any CPU
		{4E8E83BE-295E-4A6C-AFB5-7E5646F4489B}.Release|x86.ActiveCfg = Release|Any CPU
		{4E8E83BE-295E-4A6C-AFB5-7E5646F4489B}.Release|x86.Build.0 = Release|Any CPU
		{ADBBF2CB-5337-4540-B28E-EBA18C1FF2D9}.Debug|Any CPU.ActiveCfg = Debug|Any CPU
		{ADBBF2CB-5337-4540-B28E-EBA18C1FF2D9}.Debug|Any CPU.Build.0 = Debug|Any CPU
		{ADBBF2CB-5337-4540-B28E-EBA18C1FF2D9}.Debug|x64.ActiveCfg = Debug|Any CPU
		{ADBBF2CB-5337-4540-B28E-EBA18C1FF2D9}.Debug|x64.Build.0 = Debug|Any CPU
		{ADBBF2CB-5337-4540-B28E-EBA18C1FF2D9}.Debug|x86.ActiveCfg = Debug|Any CPU
		{ADBBF2CB-5337-4540-B28E-EBA18C1FF2D9}.Debug|x86.Build.0 = Debug|Any CPU
		{ADBBF2CB-5337-4540-B28E-EBA18C1FF2D9}.Release|Any CPU.ActiveCfg = Release|Any CPU
		{ADBBF2CB-5337-4540-B28E-EBA18C1FF2D9}.Release|Any CPU.Build.0 = Release|Any CPU
		{ADBBF2CB-5337-4540-B28E-EBA18C1FF2D9}.Release|x64.ActiveCfg = Release|Any CPU
		{ADBBF2CB-5337-4540-B28E-EBA18C1FF2D9}.Release|x64.Build.0 = Release|Any CPU
		{ADBBF2CB-5337-4540-B28E-EBA18C1FF2D9}.Release|x86.ActiveCfg = Release|Any CPU
		{ADBBF2CB-5337-4540-B28E-EBA18C1FF2D9}.Release|x86.Build.0 = Release|Any CPU
		{4BC593D3-A392-477C-B78E-A770627A581F}.Debug|Any CPU.ActiveCfg = Debug|Any CPU
		{4BC593D3-A392-477C-B78E-A770627A581F}.Debug|Any CPU.Build.0 = Debug|Any CPU
		{4BC593D3-A392-477C-B78E-A770627A581F}.Debug|x64.ActiveCfg = Debug|Any CPU
		{4BC593D3-A392-477C-B78E-A770627A581F}.Debug|x64.Build.0 = Debug|Any CPU
		{4BC593D3-A392-477C-B78E-A770627A581F}.Debug|x86.ActiveCfg = Debug|Any CPU
		{4BC593D3-A392-477C-B78E-A770627A581F}.Debug|x86.Build.0 = Debug|Any CPU
		{4BC593D3-A392-477C-B78E-A770627A581F}.Release|Any CPU.ActiveCfg = Release|Any CPU
		{4BC593D3-A392-477C-B78E-A770627A581F}.Release|Any CPU.Build.0 = Release|Any CPU
		{4BC593D3-A392-477C-B78E-A770627A581F}.Release|x64.ActiveCfg = Release|Any CPU
		{4BC593D3-A392-477C-B78E-A770627A581F}.Release|x64.Build.0 = Release|Any CPU
		{4BC593D3-A392-477C-B78E-A770627A581F}.Release|x86.ActiveCfg = Release|Any CPU
		{4BC593D3-A392-477C-B78E-A770627A581F}.Release|x86.Build.0 = Release|Any CPU
		{A08B64D4-60AB-47FD-95EC-32FBFE6853D7}.Debug|Any CPU.ActiveCfg = Debug|Any CPU
		{A08B64D4-60AB-47FD-95EC-32FBFE6853D7}.Debug|Any CPU.Build.0 = Debug|Any CPU
		{A08B64D4-60AB-47FD-95EC-32FBFE6853D7}.Debug|x64.ActiveCfg = Debug|Any CPU
		{A08B64D4-60AB-47FD-95EC-32FBFE6853D7}.Debug|x64.Build.0 = Debug|Any CPU
		{A08B64D4-60AB-47FD-95EC-32FBFE6853D7}.Debug|x86.ActiveCfg = Debug|Any CPU
		{A08B64D4-60AB-47FD-95EC-32FBFE6853D7}.Debug|x86.Build.0 = Debug|Any CPU
		{A08B64D4-60AB-47FD-95EC-32FBFE6853D7}.Release|Any CPU.ActiveCfg = Release|Any CPU
		{A08B64D4-60AB-47FD-95EC-32FBFE6853D7}.Release|Any CPU.Build.0 = Release|Any CPU
		{A08B64D4-60AB-47FD-95EC-32FBFE6853D7}.Release|x64.ActiveCfg = Release|Any CPU
		{A08B64D4-60AB-47FD-95EC-32FBFE6853D7}.Release|x64.Build.0 = Release|Any CPU
		{A08B64D4-60AB-47FD-95EC-32FBFE6853D7}.Release|x86.ActiveCfg = Release|Any CPU
		{A08B64D4-60AB-47FD-95EC-32FBFE6853D7}.Release|x86.Build.0 = Release|Any CPU
		{46CDE296-C281-460A-AC8D-65FA1C87845A}.Debug|Any CPU.ActiveCfg = Debug|Any CPU
		{46CDE296-C281-460A-AC8D-65FA1C87845A}.Debug|Any CPU.Build.0 = Debug|Any CPU
		{46CDE296-C281-460A-AC8D-65FA1C87845A}.Debug|x64.ActiveCfg = Debug|Any CPU
		{46CDE296-C281-460A-AC8D-65FA1C87845A}.Debug|x64.Build.0 = Debug|Any CPU
		{46CDE296-C281-460A-AC8D-65FA1C87845A}.Debug|x86.ActiveCfg = Debug|Any CPU
		{46CDE296-C281-460A-AC8D-65FA1C87845A}.Debug|x86.Build.0 = Debug|Any CPU
		{46CDE296-C281-460A-AC8D-65FA1C87845A}.Release|Any CPU.ActiveCfg = Release|Any CPU
		{46CDE296-C281-460A-AC8D-65FA1C87845A}.Release|Any CPU.Build.0 = Release|Any CPU
		{46CDE296-C281-460A-AC8D-65FA1C87845A}.Release|x64.ActiveCfg = Release|Any CPU
		{46CDE296-C281-460A-AC8D-65FA1C87845A}.Release|x64.Build.0 = Release|Any CPU
		{46CDE296-C281-460A-AC8D-65FA1C87845A}.Release|x86.ActiveCfg = Release|Any CPU
		{46CDE296-C281-460A-AC8D-65FA1C87845A}.Release|x86.Build.0 = Release|Any CPU
		{8784645B-535E-41C7-8CD7-A3A870F3EB36}.Debug|Any CPU.ActiveCfg = Debug|Any CPU
		{8784645B-535E-41C7-8CD7-A3A870F3EB36}.Debug|Any CPU.Build.0 = Debug|Any CPU
		{8784645B-535E-41C7-8CD7-A3A870F3EB36}.Debug|x64.ActiveCfg = Debug|Any CPU
		{8784645B-535E-41C7-8CD7-A3A870F3EB36}.Debug|x64.Build.0 = Debug|Any CPU
		{8784645B-535E-41C7-8CD7-A3A870F3EB36}.Debug|x86.ActiveCfg = Debug|Any CPU
		{8784645B-535E-41C7-8CD7-A3A870F3EB36}.Debug|x86.Build.0 = Debug|Any CPU
		{8784645B-535E-41C7-8CD7-A3A870F3EB36}.Release|Any CPU.ActiveCfg = Release|Any CPU
		{8784645B-535E-41C7-8CD7-A3A870F3EB36}.Release|Any CPU.Build.0 = Release|Any CPU
		{8784645B-535E-41C7-8CD7-A3A870F3EB36}.Release|x64.ActiveCfg = Release|Any CPU
		{8784645B-535E-41C7-8CD7-A3A870F3EB36}.Release|x64.Build.0 = Release|Any CPU
		{8784645B-535E-41C7-8CD7-A3A870F3EB36}.Release|x86.ActiveCfg = Release|Any CPU
		{8784645B-535E-41C7-8CD7-A3A870F3EB36}.Release|x86.Build.0 = Release|Any CPU
		{125B3129-C3DE-424A-AB45-DC2484F6A436}.Debug|Any CPU.ActiveCfg = Debug|Win32
		{125B3129-C3DE-424A-AB45-DC2484F6A436}.Debug|x64.ActiveCfg = Debug|x64
		{125B3129-C3DE-424A-AB45-DC2484F6A436}.Debug|x64.Build.0 = Debug|x64
		{125B3129-C3DE-424A-AB45-DC2484F6A436}.Debug|x86.ActiveCfg = Debug|Win32
		{125B3129-C3DE-424A-AB45-DC2484F6A436}.Debug|x86.Build.0 = Debug|Win32
		{125B3129-C3DE-424A-AB45-DC2484F6A436}.Release|Any CPU.ActiveCfg = Release|Win32
		{125B3129-C3DE-424A-AB45-DC2484F6A436}.Release|x64.ActiveCfg = Release|x64
		{125B3129-C3DE-424A-AB45-DC2484F6A436}.Release|x64.Build.0 = Release|x64
		{125B3129-C3DE-424A-AB45-DC2484F6A436}.Release|x86.ActiveCfg = Release|Win32
		{125B3129-C3DE-424A-AB45-DC2484F6A436}.Release|x86.Build.0 = Release|Win32
	EndGlobalSection
	GlobalSection(SolutionProperties) = preSolution
		HideSolutionNode = FALSE
	EndGlobalSection
	GlobalSection(NestedProjects) = preSolution
		{FA1AFFB8-C1CB-44FB-948B-C6D3A63705AB} = {61E1DB06-9F1D-49A3-B6A2-1D141D0E15A2}
		{1F93EBBC-8C2D-4CF5-8AF5-F35DF3B5FA50} = {0F05462B-35E6-4CE8-A9B6-F411FE10E86C}
		{4DFA5C02-9D11-4F67-88DD-14480F766B2E} = {FA1AFFB8-C1CB-44FB-948B-C6D3A63705AB}
		{815D72B9-C83F-4EF2-9FCB-1B1CABF29026} = {FA1AFFB8-C1CB-44FB-948B-C6D3A63705AB}
		{3B620C49-B570-4A68-BFBE-44F1FF2C03F6} = {FA1AFFB8-C1CB-44FB-948B-C6D3A63705AB}
		{DCB290B6-B373-42BE-81CC-12431957721B} = {FA1AFFB8-C1CB-44FB-948B-C6D3A63705AB}
		{1B240A8A-A3F5-4BC2-8E39-63BB42AF0A4A} = {FA1AFFB8-C1CB-44FB-948B-C6D3A63705AB}
		{4E8E83BE-295E-4A6C-AFB5-7E5646F4489B} = {FA1AFFB8-C1CB-44FB-948B-C6D3A63705AB}
		{ADBBF2CB-5337-4540-B28E-EBA18C1FF2D9} = {FA1AFFB8-C1CB-44FB-948B-C6D3A63705AB}
		{4BC593D3-A392-477C-B78E-A770627A581F} = {FA1AFFB8-C1CB-44FB-948B-C6D3A63705AB}
		{A08B64D4-60AB-47FD-95EC-32FBFE6853D7} = {FA1AFFB8-C1CB-44FB-948B-C6D3A63705AB}
		{46CDE296-C281-460A-AC8D-65FA1C87845A} = {FA1AFFB8-C1CB-44FB-948B-C6D3A63705AB}
		{8784645B-535E-41C7-8CD7-A3A870F3EB36} = {FA1AFFB8-C1CB-44FB-948B-C6D3A63705AB}
		{125B3129-C3DE-424A-AB45-DC2484F6A436} = {0F05462B-35E6-4CE8-A9B6-F411FE10E86C}
	EndGlobalSection
	GlobalSection(ExtensibilityGlobals) = postSolution
		SolutionGuid = {8FAD91D9-3BDC-4C7B-B895-574883F738E4}
	EndGlobalSection
EndGlobal
