
Microsoft Visual Studio Solution File, Format Version 12.00
# Visual Studio Version 16
VisualStudioVersion = 16.0.29709.97
MinimumVisualStudioVersion = 15.0.26124.0
Project("{2150E333-8FDC-42A3-9474-1A3956D46DE8}") = "ThirdPart", "ThirdPart", "{61E1DB06-9F1D-49A3-B6A2-1D141D0E15A2}"
EndProject
Project("{2150E333-8FDC-42A3-9474-1A3956D46DE8}") = "B2R2", "B2R2", "{FA1AFFB8-C1CB-44FB-948B-C6D3A63705AB}"
EndProject
Project("{6EC3EE1D-3C4E-46DD-8F32-0CC8E7565705}") = "B2R2.BinAnalysis", "ThirdPart\B2R2\src\BinAnalysis\B2R2.BinAnalysis.fsproj", "{4DFA5C02-9D11-4F67-88DD-14480F766B2E}"
EndProject
Project("{6EC3EE1D-3C4E-46DD-8F32-0CC8E7565705}") = "B2R2.BinFile", "ThirdPart\B2R2\src\BinFile\B2R2.BinFile.fsproj", "{815D72B9-C83F-4EF2-9FCB-1B1CABF29026}"
EndProject
Project("{6EC3EE1D-3C4E-46DD-8F32-0CC8E7565705}") = "B2R2.BinIR", "ThirdPart\B2R2\src\BinIR\B2R2.BinIR.fsproj", "{3B620C49-B570-4A68-BFBE-44F1FF2C03F6}"
EndProject
Project("{6EC3EE1D-3C4E-46DD-8F32-0CC8E7565705}") = "B2R2.Core", "ThirdPart\B2R2\src\Core\B2R2.Core.fsproj", "{DCB290B6-B373-42BE-81CC-12431957721B}"
EndProject
Project("{6EC3EE1D-3C4E-46DD-8F32-0CC8E7565705}") = "B2R2.FrontEnd.Core", "ThirdPart\B2R2\src\FrontEnd\Core\B2R2.FrontEnd.Core.fsproj", "{1B240A8A-A3F5-4BC2-8E39-63BB42AF0A4A}"
EndProject
Project("{6EC3EE1D-3C4E-46DD-8F32-0CC8E7565705}") = "B2R2.FrontEnd.ARM32", "ThirdPart\B2R2\src\FrontEnd\ARM32\B2R2.FrontEnd.ARM32.fsproj", "{4E8E83BE-295E-4A6C-AFB5-7E5646F4489B}"
EndProject
Project("{6EC3EE1D-3C4E-46DD-8F32-0CC8E7565705}") = "B2R2.FrontEnd.ARM64", "ThirdPart\B2R2\src\FrontEnd\ARM64\B2R2.FrontEnd.ARM64.fsproj", "{ADBBF2CB-5337-4540-B28E-EBA18C1FF2D9}"
EndProject
Project("{6EC3EE1D-3C4E-46DD-8F32-0CC8E7565705}") = "B2R2.FrontEnd.Intel", "ThirdPart\B2R2\src\FrontEnd\Intel\B2R2.FrontEnd.Intel.fsproj", "{4BC593D3-A392-477C-B78E-A770627A581F}"
EndProject
Project("{6EC3EE1D-3C4E-46DD-8F32-0CC8E7565705}") = "B2R2.FrontEnd.Library", "ThirdPart\B2R2\src\FrontEnd\Library\B2R2.FrontEnd.Library.fsproj", "{A08B64D4-60AB-47FD-95EC-32FBFE6853D7}"
EndProject
Project("{6EC3EE1D-3C4E-46DD-8F32-0CC8E7565705}") = "B2R2.FrontEnd.MIPS", "ThirdPart\B2R2\src\FrontEnd\MIPS\B2R2.FrontEnd.MIPS.fsproj", "{46CDE296-C281-460A-AC8D-65FA1C87845A}"
EndProject
Project("{6EC3EE1D-3C4E-46DD-8F32-0CC8E7565705}") = "B2R2.FrontEnd.Optimizer", "ThirdPart\B2R2\src\FrontEnd\Optimizer\B2R2.FrontEnd.Optimizer.fsproj", "{8784645B-535E-41C7-8CD7-A3A870F3EB36}"
EndProject
Project("{2150E333-8FDC-42A3-9474-1A3956D46DE8}") = "Solution Items", "Solution Items", "{9C21785E-B8A6-4D78-86DC-21F021D237F9}"
	ProjectSection(SolutionItems) = preProject
		paket.dependencies = paket.dependencies
	EndProjectSection
EndProject
Project("{2150E333-8FDC-42A3-9474-1A3956D46DE8}") = "Tools", "Tools", "{46FA0DDD-FF7A-4147-9F25-7A91DC91B258}"
EndProject
Project("{6EC3EE1D-3C4E-46DD-8F32-0CC8E7565705}") = "B2R2.ConcEval", "ThirdPart\B2R2\src\ConcEval\B2R2.ConcEval.fsproj", "{72C82B40-8548-4022-9CBD-5E4813397B28}"
EndProject
Project("{6EC3EE1D-3C4E-46DD-8F32-0CC8E7565705}") = "B2R2.FrontEnd.EVM", "ThirdPart\B2R2\src\FrontEnd\EVM\B2R2.FrontEnd.EVM.fsproj", "{3D28D9F5-19A7-4C67-B6DB-F3CED8914E41}"
EndProject
Project("{6EC3EE1D-3C4E-46DD-8F32-0CC8E7565705}") = "B2R2.FrontEnd.TMS320C6000", "ThirdPart\B2R2\src\FrontEnd\TMS320C6000\B2R2.FrontEnd.TMS320C6000.fsproj", "{0CF40B7D-B104-4E5C-B6E4-F302B29453F7}"
EndProject
Project("{6EC3EE1D-3C4E-46DD-8F32-0CC8E7565705}") = "B2R2.NameMangling", "ThirdPart\B2R2\src\NameMangling\B2R2.NameMangling.fsproj", "{EE151130-8D91-4C9E-9B95-39D9C208DA32}"
EndProject
Project("{6EC3EE1D-3C4E-46DD-8F32-0CC8E7565705}") = "B2R2.MiddleEnd", "ThirdPart\B2R2\src\MiddleEnd\B2R2.MiddleEnd.fsproj", "{FF562BD2-31CA-484A-929B-37F64F6D117C}"
EndProject
Project("{6EC3EE1D-3C4E-46DD-8F32-0CC8E7565705}") = "B2R2.DataFlow", "ThirdPart\B2R2\src\DataFlow\B2R2.DataFlow.fsproj", "{58442ABB-832D-4017-92E7-FDA8EA042B74}"
EndProject
Project("{6EC3EE1D-3C4E-46DD-8F32-0CC8E7565705}") = "B2R2.BinGraph", "ThirdPart\B2R2\src\BinGraph\B2R2.BinGraph.fsproj", "{9CA2E363-E4C2-4D1F-ACE6-D5F6587DEC89}"
EndProject
Project("{6EC3EE1D-3C4E-46DD-8F32-0CC8E7565705}") = "B2R2.BinCorpus", "ThirdPart\B2R2\src\BinCorpus\B2R2.BinCorpus.fsproj", "{0E5FADA7-8962-434B-A732-2BC3B897A80A}"
EndProject
Project("{6EC3EE1D-3C4E-46DD-8F32-0CC8E7565705}") = "B2R2.Assembler.LowUIR", "ThirdPart\B2R2\src\Assembler\LowUIR\B2R2.Assembler.LowUIR.fsproj", "{C4622821-EE64-45F0-9149-182B888B6C8E}"
EndProject
Project("{6EC3EE1D-3C4E-46DD-8F32-0CC8E7565705}") = "B2R2.Assembler.Interface", "ThirdPart\B2R2\src\Assembler\Interface\B2R2.Assembler.Interface.fsproj", "{8661E186-80C7-4609-B7B0-09AE12E75D5B}"
EndProject
Project("{6EC3EE1D-3C4E-46DD-8F32-0CC8E7565705}") = "B2R2.Assembler.Intel", "ThirdPart\B2R2\src\Assembler\Intel\B2R2.Assembler.Intel.fsproj", "{1B55078C-4A6F-463D-BFF0-698AB27405B5}"
EndProject
Project("{6EC3EE1D-3C4E-46DD-8F32-0CC8E7565705}") = "B2R2.Assembler.ARM32", "ThirdPart\B2R2\src\Assembler\ARM32\B2R2.Assembler.ARM32.fsproj", "{B1075429-43A8-4847-B927-39361B3F2C75}"
EndProject
Project("{6EC3EE1D-3C4E-46DD-8F32-0CC8E7565705}") = "ES.Sojobo", "ES.Sojobo\ES.Sojobo.fsproj", "{78DFA55C-D822-4B5B-B024-5CD7D0103016}"
EndProject
Project("{6EC3EE1D-3C4E-46DD-8F32-0CC8E7565705}") = "ES.Sojobo.Windows", "ES.Sojobo.Windows\ES.Sojobo.Windows.fsproj", "{15AD33C9-84D8-421C-9401-92E42F59C983}"
EndProject
Project("{6EC3EE1D-3C4E-46DD-8F32-0CC8E7565705}") = "ES.Sojobo.Kernel32", "ES.Sojobo.Kernel32\ES.Sojobo.Kernel32.fsproj", "{CFC3E366-04F8-4570-9BE6-E98B777E8158}"
EndProject
Project("{6EC3EE1D-3C4E-46DD-8F32-0CC8E7565705}") = "ES.Sojobo.ADVAPI32", "ES.Sojobo.ADVAPI32\ES.Sojobo.ADVAPI32.fsproj", "{5F727425-8E12-44F9-B3A1-4D0260CEA7C3}"
EndProject
Project("{6EC3EE1D-3C4E-46DD-8F32-0CC8E7565705}") = "ES.Sojobo.ApiMsWinCrtRuntime", "ES.Sojobo.ApiMsWinCrtRuntime\ES.Sojobo.ApiMsWinCrtRuntime.fsproj", "{8545FDD8-5525-4AA0-9117-C86ECB16058F}"
EndProject
Project("{6EC3EE1D-3C4E-46DD-8F32-0CC8E7565705}") = "ES.Sojobo.USERENV", "ES.Sojobo.USERENV\ES.Sojobo.USERENV.fsproj", "{21CB467A-DDA0-400B-91C8-C5F6735133AF}"
EndProject
Project("{6EC3EE1D-3C4E-46DD-8F32-0CC8E7565705}") = "ES.Sojobo.VCRUNTIME140", "ES.Sojobo.VCRUNTIME140\ES.Sojobo.VCRUNTIME140.fsproj", "{F8725F99-2496-42DB-BB00-BB7EA5BE3D6C}"
EndProject
Project("{6EC3EE1D-3C4E-46DD-8F32-0CC8E7565705}") = "ES.Sojobo.Winsock", "ES.Sojobo.Winsock\ES.Sojobo.Winsock.fsproj", "{D258AD40-6334-420D-985C-E222DF926803}"
EndProject
Project("{9A19103F-16F7-4668-BE54-9A1E7A4F7556}") = "ES.Sojobo.CSharp", "ES.Sojobo.CSharp\ES.Sojobo.CSharp.csproj", "{A38E73C2-58CC-472A-8AFF-7409A678FD95}"
EndProject
Project("{6EC3EE1D-3C4E-46DD-8F32-0CC8E7565705}") = "Tengu", "Tools\Tengu\Tengu.fsproj", "{E9830310-A61C-4CD0-8F6A-D4C751B79156}"
EndProject
Project("{6EC3EE1D-3C4E-46DD-8F32-0CC8E7565705}") = "ADVDeobfuscator", "Tools\ADVDeobfuscator\ADVDeobfuscator.fsproj", "{173833ED-C65C-41C4-AAC5-9C374426AA21}"
EndProject
Global
	GlobalSection(SolutionConfigurationPlatforms) = preSolution
		Debug|Any CPU = Debug|Any CPU
		Debug|x64 = Debug|x64
		Debug|x86 = Debug|x86
		Release|Any CPU = Release|Any CPU
		Release|x64 = Release|x64
		Release|x86 = Release|x86
	EndGlobalSection
	GlobalSection(ProjectConfigurationPlatforms) = postSolution
		{4DFA5C02-9D11-4F67-88DD-14480F766B2E}.Debug|Any CPU.ActiveCfg = Debug|Any CPU
		{4DFA5C02-9D11-4F67-88DD-14480F766B2E}.Debug|Any CPU.Build.0 = Debug|Any CPU
		{4DFA5C02-9D11-4F67-88DD-14480F766B2E}.Debug|x64.ActiveCfg = Debug|Any CPU
		{4DFA5C02-9D11-4F67-88DD-14480F766B2E}.Debug|x64.Build.0 = Debug|Any CPU
		{4DFA5C02-9D11-4F67-88DD-14480F766B2E}.Debug|x86.ActiveCfg = Debug|Any CPU
		{4DFA5C02-9D11-4F67-88DD-14480F766B2E}.Debug|x86.Build.0 = Debug|Any CPU
		{4DFA5C02-9D11-4F67-88DD-14480F766B2E}.Release|Any CPU.ActiveCfg = Release|Any CPU
		{4DFA5C02-9D11-4F67-88DD-14480F766B2E}.Release|Any CPU.Build.0 = Release|Any CPU
		{4DFA5C02-9D11-4F67-88DD-14480F766B2E}.Release|x64.ActiveCfg = Release|Any CPU
		{4DFA5C02-9D11-4F67-88DD-14480F766B2E}.Release|x64.Build.0 = Release|Any CPU
		{4DFA5C02-9D11-4F67-88DD-14480F766B2E}.Release|x86.ActiveCfg = Release|Any CPU
		{4DFA5C02-9D11-4F67-88DD-14480F766B2E}.Release|x86.Build.0 = Release|Any CPU
		{815D72B9-C83F-4EF2-9FCB-1B1CABF29026}.Debug|Any CPU.ActiveCfg = Debug|Any CPU
		{815D72B9-C83F-4EF2-9FCB-1B1CABF29026}.Debug|Any CPU.Build.0 = Debug|Any CPU
		{815D72B9-C83F-4EF2-9FCB-1B1CABF29026}.Debug|x64.ActiveCfg = Debug|Any CPU
		{815D72B9-C83F-4EF2-9FCB-1B1CABF29026}.Debug|x64.Build.0 = Debug|Any CPU
		{815D72B9-C83F-4EF2-9FCB-1B1CABF29026}.Debug|x86.ActiveCfg = Debug|Any CPU
		{815D72B9-C83F-4EF2-9FCB-1B1CABF29026}.Debug|x86.Build.0 = Debug|Any CPU
		{815D72B9-C83F-4EF2-9FCB-1B1CABF29026}.Release|Any CPU.ActiveCfg = Release|Any CPU
		{815D72B9-C83F-4EF2-9FCB-1B1CABF29026}.Release|Any CPU.Build.0 = Release|Any CPU
		{815D72B9-C83F-4EF2-9FCB-1B1CABF29026}.Release|x64.ActiveCfg = Release|Any CPU
		{815D72B9-C83F-4EF2-9FCB-1B1CABF29026}.Release|x64.Build.0 = Release|Any CPU
		{815D72B9-C83F-4EF2-9FCB-1B1CABF29026}.Release|x86.ActiveCfg = Release|Any CPU
		{815D72B9-C83F-4EF2-9FCB-1B1CABF29026}.Release|x86.Build.0 = Release|Any CPU
		{3B620C49-B570-4A68-BFBE-44F1FF2C03F6}.Debug|Any CPU.ActiveCfg = Debug|Any CPU
		{3B620C49-B570-4A68-BFBE-44F1FF2C03F6}.Debug|Any CPU.Build.0 = Debug|Any CPU
		{3B620C49-B570-4A68-BFBE-44F1FF2C03F6}.Debug|x64.ActiveCfg = Debug|Any CPU
		{3B620C49-B570-4A68-BFBE-44F1FF2C03F6}.Debug|x64.Build.0 = Debug|Any CPU
		{3B620C49-B570-4A68-BFBE-44F1FF2C03F6}.Debug|x86.ActiveCfg = Debug|Any CPU
		{3B620C49-B570-4A68-BFBE-44F1FF2C03F6}.Debug|x86.Build.0 = Debug|Any CPU
		{3B620C49-B570-4A68-BFBE-44F1FF2C03F6}.Release|Any CPU.ActiveCfg = Release|Any CPU
		{3B620C49-B570-4A68-BFBE-44F1FF2C03F6}.Release|Any CPU.Build.0 = Release|Any CPU
		{3B620C49-B570-4A68-BFBE-44F1FF2C03F6}.Release|x64.ActiveCfg = Release|Any CPU
		{3B620C49-B570-4A68-BFBE-44F1FF2C03F6}.Release|x64.Build.0 = Release|Any CPU
		{3B620C49-B570-4A68-BFBE-44F1FF2C03F6}.Release|x86.ActiveCfg = Release|Any CPU
		{3B620C49-B570-4A68-BFBE-44F1FF2C03F6}.Release|x86.Build.0 = Release|Any CPU
		{DCB290B6-B373-42BE-81CC-12431957721B}.Debug|Any CPU.ActiveCfg = Debug|Any CPU
		{DCB290B6-B373-42BE-81CC-12431957721B}.Debug|Any CPU.Build.0 = Debug|Any CPU
		{DCB290B6-B373-42BE-81CC-12431957721B}.Debug|x64.ActiveCfg = Debug|Any CPU
		{DCB290B6-B373-42BE-81CC-12431957721B}.Debug|x64.Build.0 = Debug|Any CPU
		{DCB290B6-B373-42BE-81CC-12431957721B}.Debug|x86.ActiveCfg = Debug|Any CPU
		{DCB290B6-B373-42BE-81CC-12431957721B}.Debug|x86.Build.0 = Debug|Any CPU
		{DCB290B6-B373-42BE-81CC-12431957721B}.Release|Any CPU.ActiveCfg = Release|Any CPU
		{DCB290B6-B373-42BE-81CC-12431957721B}.Release|Any CPU.Build.0 = Release|Any CPU
		{DCB290B6-B373-42BE-81CC-12431957721B}.Release|x64.ActiveCfg = Release|Any CPU
		{DCB290B6-B373-42BE-81CC-12431957721B}.Release|x64.Build.0 = Release|Any CPU
		{DCB290B6-B373-42BE-81CC-12431957721B}.Release|x86.ActiveCfg = Release|Any CPU
		{DCB290B6-B373-42BE-81CC-12431957721B}.Release|x86.Build.0 = Release|Any CPU
		{1B240A8A-A3F5-4BC2-8E39-63BB42AF0A4A}.Debug|Any CPU.ActiveCfg = Debug|Any CPU
		{1B240A8A-A3F5-4BC2-8E39-63BB42AF0A4A}.Debug|Any CPU.Build.0 = Debug|Any CPU
		{1B240A8A-A3F5-4BC2-8E39-63BB42AF0A4A}.Debug|x64.ActiveCfg = Debug|Any CPU
		{1B240A8A-A3F5-4BC2-8E39-63BB42AF0A4A}.Debug|x64.Build.0 = Debug|Any CPU
		{1B240A8A-A3F5-4BC2-8E39-63BB42AF0A4A}.Debug|x86.ActiveCfg = Debug|Any CPU
		{1B240A8A-A3F5-4BC2-8E39-63BB42AF0A4A}.Debug|x86.Build.0 = Debug|Any CPU
		{1B240A8A-A3F5-4BC2-8E39-63BB42AF0A4A}.Release|Any CPU.ActiveCfg = Release|Any CPU
		{1B240A8A-A3F5-4BC2-8E39-63BB42AF0A4A}.Release|Any CPU.Build.0 = Release|Any CPU
		{1B240A8A-A3F5-4BC2-8E39-63BB42AF0A4A}.Release|x64.ActiveCfg = Release|Any CPU
		{1B240A8A-A3F5-4BC2-8E39-63BB42AF0A4A}.Release|x64.Build.0 = Release|Any CPU
		{1B240A8A-A3F5-4BC2-8E39-63BB42AF0A4A}.Release|x86.ActiveCfg = Release|Any CPU
		{1B240A8A-A3F5-4BC2-8E39-63BB42AF0A4A}.Release|x86.Build.0 = Release|Any CPU
		{4E8E83BE-295E-4A6C-AFB5-7E5646F4489B}.Debug|Any CPU.ActiveCfg = Debug|Any CPU
		{4E8E83BE-295E-4A6C-AFB5-7E5646F4489B}.Debug|Any CPU.Build.0 = Debug|Any CPU
		{4E8E83BE-295E-4A6C-AFB5-7E5646F4489B}.Debug|x64.ActiveCfg = Debug|Any CPU
		{4E8E83BE-295E-4A6C-AFB5-7E5646F4489B}.Debug|x64.Build.0 = Debug|Any CPU
		{4E8E83BE-295E-4A6C-AFB5-7E5646F4489B}.Debug|x86.ActiveCfg = Debug|Any CPU
		{4E8E83BE-295E-4A6C-AFB5-7E5646F4489B}.Debug|x86.Build.0 = Debug|Any CPU
		{4E8E83BE-295E-4A6C-AFB5-7E5646F4489B}.Release|Any CPU.ActiveCfg = Release|Any CPU
		{4E8E83BE-295E-4A6C-AFB5-7E5646F4489B}.Release|Any CPU.Build.0 = Release|Any CPU
		{4E8E83BE-295E-4A6C-AFB5-7E5646F4489B}.Release|x64.ActiveCfg = Release|Any CPU
		{4E8E83BE-295E-4A6C-AFB5-7E5646F4489B}.Release|x64.Build.0 = Release|Any CPU
		{4E8E83BE-295E-4A6C-AFB5-7E5646F4489B}.Release|x86.ActiveCfg = Release|Any CPU
		{4E8E83BE-295E-4A6C-AFB5-7E5646F4489B}.Release|x86.Build.0 = Release|Any CPU
		{ADBBF2CB-5337-4540-B28E-EBA18C1FF2D9}.Debug|Any CPU.ActiveCfg = Debug|Any CPU
		{ADBBF2CB-5337-4540-B28E-EBA18C1FF2D9}.Debug|Any CPU.Build.0 = Debug|Any CPU
		{ADBBF2CB-5337-4540-B28E-EBA18C1FF2D9}.Debug|x64.ActiveCfg = Debug|Any CPU
		{ADBBF2CB-5337-4540-B28E-EBA18C1FF2D9}.Debug|x64.Build.0 = Debug|Any CPU
		{ADBBF2CB-5337-4540-B28E-EBA18C1FF2D9}.Debug|x86.ActiveCfg = Debug|Any CPU
		{ADBBF2CB-5337-4540-B28E-EBA18C1FF2D9}.Debug|x86.Build.0 = Debug|Any CPU
		{ADBBF2CB-5337-4540-B28E-EBA18C1FF2D9}.Release|Any CPU.ActiveCfg = Release|Any CPU
		{ADBBF2CB-5337-4540-B28E-EBA18C1FF2D9}.Release|Any CPU.Build.0 = Release|Any CPU
		{ADBBF2CB-5337-4540-B28E-EBA18C1FF2D9}.Release|x64.ActiveCfg = Release|Any CPU
		{ADBBF2CB-5337-4540-B28E-EBA18C1FF2D9}.Release|x64.Build.0 = Release|Any CPU
		{ADBBF2CB-5337-4540-B28E-EBA18C1FF2D9}.Release|x86.ActiveCfg = Release|Any CPU
		{ADBBF2CB-5337-4540-B28E-EBA18C1FF2D9}.Release|x86.Build.0 = Release|Any CPU
		{4BC593D3-A392-477C-B78E-A770627A581F}.Debug|Any CPU.ActiveCfg = Debug|Any CPU
		{4BC593D3-A392-477C-B78E-A770627A581F}.Debug|Any CPU.Build.0 = Debug|Any CPU
		{4BC593D3-A392-477C-B78E-A770627A581F}.Debug|x64.ActiveCfg = Debug|Any CPU
		{4BC593D3-A392-477C-B78E-A770627A581F}.Debug|x64.Build.0 = Debug|Any CPU
		{4BC593D3-A392-477C-B78E-A770627A581F}.Debug|x86.ActiveCfg = Debug|Any CPU
		{4BC593D3-A392-477C-B78E-A770627A581F}.Debug|x86.Build.0 = Debug|Any CPU
		{4BC593D3-A392-477C-B78E-A770627A581F}.Release|Any CPU.ActiveCfg = Release|Any CPU
		{4BC593D3-A392-477C-B78E-A770627A581F}.Release|Any CPU.Build.0 = Release|Any CPU
		{4BC593D3-A392-477C-B78E-A770627A581F}.Release|x64.ActiveCfg = Release|Any CPU
		{4BC593D3-A392-477C-B78E-A770627A581F}.Release|x64.Build.0 = Release|Any CPU
		{4BC593D3-A392-477C-B78E-A770627A581F}.Release|x86.ActiveCfg = Release|Any CPU
		{4BC593D3-A392-477C-B78E-A770627A581F}.Release|x86.Build.0 = Release|Any CPU
		{A08B64D4-60AB-47FD-95EC-32FBFE6853D7}.Debug|Any CPU.ActiveCfg = Debug|Any CPU
		{A08B64D4-60AB-47FD-95EC-32FBFE6853D7}.Debug|Any CPU.Build.0 = Debug|Any CPU
		{A08B64D4-60AB-47FD-95EC-32FBFE6853D7}.Debug|x64.ActiveCfg = Debug|Any CPU
		{A08B64D4-60AB-47FD-95EC-32FBFE6853D7}.Debug|x64.Build.0 = Debug|Any CPU
		{A08B64D4-60AB-47FD-95EC-32FBFE6853D7}.Debug|x86.ActiveCfg = Debug|Any CPU
		{A08B64D4-60AB-47FD-95EC-32FBFE6853D7}.Debug|x86.Build.0 = Debug|Any CPU
		{A08B64D4-60AB-47FD-95EC-32FBFE6853D7}.Release|Any CPU.ActiveCfg = Release|Any CPU
		{A08B64D4-60AB-47FD-95EC-32FBFE6853D7}.Release|Any CPU.Build.0 = Release|Any CPU
		{A08B64D4-60AB-47FD-95EC-32FBFE6853D7}.Release|x64.ActiveCfg = Release|Any CPU
		{A08B64D4-60AB-47FD-95EC-32FBFE6853D7}.Release|x64.Build.0 = Release|Any CPU
		{A08B64D4-60AB-47FD-95EC-32FBFE6853D7}.Release|x86.ActiveCfg = Release|Any CPU
		{A08B64D4-60AB-47FD-95EC-32FBFE6853D7}.Release|x86.Build.0 = Release|Any CPU
		{46CDE296-C281-460A-AC8D-65FA1C87845A}.Debug|Any CPU.ActiveCfg = Debug|Any CPU
		{46CDE296-C281-460A-AC8D-65FA1C87845A}.Debug|Any CPU.Build.0 = Debug|Any CPU
		{46CDE296-C281-460A-AC8D-65FA1C87845A}.Debug|x64.ActiveCfg = Debug|Any CPU
		{46CDE296-C281-460A-AC8D-65FA1C87845A}.Debug|x64.Build.0 = Debug|Any CPU
		{46CDE296-C281-460A-AC8D-65FA1C87845A}.Debug|x86.ActiveCfg = Debug|Any CPU
		{46CDE296-C281-460A-AC8D-65FA1C87845A}.Debug|x86.Build.0 = Debug|Any CPU
		{46CDE296-C281-460A-AC8D-65FA1C87845A}.Release|Any CPU.ActiveCfg = Release|Any CPU
		{46CDE296-C281-460A-AC8D-65FA1C87845A}.Release|Any CPU.Build.0 = Release|Any CPU
		{46CDE296-C281-460A-AC8D-65FA1C87845A}.Release|x64.ActiveCfg = Release|Any CPU
		{46CDE296-C281-460A-AC8D-65FA1C87845A}.Release|x64.Build.0 = Release|Any CPU
		{46CDE296-C281-460A-AC8D-65FA1C87845A}.Release|x86.ActiveCfg = Release|Any CPU
		{46CDE296-C281-460A-AC8D-65FA1C87845A}.Release|x86.Build.0 = Release|Any CPU
		{8784645B-535E-41C7-8CD7-A3A870F3EB36}.Debug|Any CPU.ActiveCfg = Debug|Any CPU
		{8784645B-535E-41C7-8CD7-A3A870F3EB36}.Debug|Any CPU.Build.0 = Debug|Any CPU
		{8784645B-535E-41C7-8CD7-A3A870F3EB36}.Debug|x64.ActiveCfg = Debug|Any CPU
		{8784645B-535E-41C7-8CD7-A3A870F3EB36}.Debug|x64.Build.0 = Debug|Any CPU
		{8784645B-535E-41C7-8CD7-A3A870F3EB36}.Debug|x86.ActiveCfg = Debug|Any CPU
		{8784645B-535E-41C7-8CD7-A3A870F3EB36}.Debug|x86.Build.0 = Debug|Any CPU
		{8784645B-535E-41C7-8CD7-A3A870F3EB36}.Release|Any CPU.ActiveCfg = Release|Any CPU
		{8784645B-535E-41C7-8CD7-A3A870F3EB36}.Release|Any CPU.Build.0 = Release|Any CPU
		{8784645B-535E-41C7-8CD7-A3A870F3EB36}.Release|x64.ActiveCfg = Release|Any CPU
		{8784645B-535E-41C7-8CD7-A3A870F3EB36}.Release|x64.Build.0 = Release|Any CPU
		{8784645B-535E-41C7-8CD7-A3A870F3EB36}.Release|x86.ActiveCfg = Release|Any CPU
		{8784645B-535E-41C7-8CD7-A3A870F3EB36}.Release|x86.Build.0 = Release|Any CPU
		{72C82B40-8548-4022-9CBD-5E4813397B28}.Debug|Any CPU.ActiveCfg = Debug|Any CPU
		{72C82B40-8548-4022-9CBD-5E4813397B28}.Debug|Any CPU.Build.0 = Debug|Any CPU
		{72C82B40-8548-4022-9CBD-5E4813397B28}.Debug|x64.ActiveCfg = Debug|Any CPU
		{72C82B40-8548-4022-9CBD-5E4813397B28}.Debug|x64.Build.0 = Debug|Any CPU
		{72C82B40-8548-4022-9CBD-5E4813397B28}.Debug|x86.ActiveCfg = Debug|Any CPU
		{72C82B40-8548-4022-9CBD-5E4813397B28}.Debug|x86.Build.0 = Debug|Any CPU
		{72C82B40-8548-4022-9CBD-5E4813397B28}.Release|Any CPU.ActiveCfg = Release|Any CPU
		{72C82B40-8548-4022-9CBD-5E4813397B28}.Release|Any CPU.Build.0 = Release|Any CPU
		{72C82B40-8548-4022-9CBD-5E4813397B28}.Release|x64.ActiveCfg = Release|Any CPU
		{72C82B40-8548-4022-9CBD-5E4813397B28}.Release|x64.Build.0 = Release|Any CPU
		{72C82B40-8548-4022-9CBD-5E4813397B28}.Release|x86.ActiveCfg = Release|Any CPU
		{72C82B40-8548-4022-9CBD-5E4813397B28}.Release|x86.Build.0 = Release|Any CPU
		{3D28D9F5-19A7-4C67-B6DB-F3CED8914E41}.Debug|Any CPU.ActiveCfg = Debug|Any CPU
		{3D28D9F5-19A7-4C67-B6DB-F3CED8914E41}.Debug|Any CPU.Build.0 = Debug|Any CPU
		{3D28D9F5-19A7-4C67-B6DB-F3CED8914E41}.Debug|x64.ActiveCfg = Debug|Any CPU
		{3D28D9F5-19A7-4C67-B6DB-F3CED8914E41}.Debug|x64.Build.0 = Debug|Any CPU
		{3D28D9F5-19A7-4C67-B6DB-F3CED8914E41}.Debug|x86.ActiveCfg = Debug|Any CPU
		{3D28D9F5-19A7-4C67-B6DB-F3CED8914E41}.Debug|x86.Build.0 = Debug|Any CPU
		{3D28D9F5-19A7-4C67-B6DB-F3CED8914E41}.Release|Any CPU.ActiveCfg = Release|Any CPU
		{3D28D9F5-19A7-4C67-B6DB-F3CED8914E41}.Release|Any CPU.Build.0 = Release|Any CPU
		{3D28D9F5-19A7-4C67-B6DB-F3CED8914E41}.Release|x64.ActiveCfg = Release|Any CPU
		{3D28D9F5-19A7-4C67-B6DB-F3CED8914E41}.Release|x64.Build.0 = Release|Any CPU
		{3D28D9F5-19A7-4C67-B6DB-F3CED8914E41}.Release|x86.ActiveCfg = Release|Any CPU
		{3D28D9F5-19A7-4C67-B6DB-F3CED8914E41}.Release|x86.Build.0 = Release|Any CPU
		{0CF40B7D-B104-4E5C-B6E4-F302B29453F7}.Debug|Any CPU.ActiveCfg = Debug|Any CPU
		{0CF40B7D-B104-4E5C-B6E4-F302B29453F7}.Debug|Any CPU.Build.0 = Debug|Any CPU
		{0CF40B7D-B104-4E5C-B6E4-F302B29453F7}.Debug|x64.ActiveCfg = Debug|Any CPU
		{0CF40B7D-B104-4E5C-B6E4-F302B29453F7}.Debug|x64.Build.0 = Debug|Any CPU
		{0CF40B7D-B104-4E5C-B6E4-F302B29453F7}.Debug|x86.ActiveCfg = Debug|Any CPU
		{0CF40B7D-B104-4E5C-B6E4-F302B29453F7}.Debug|x86.Build.0 = Debug|Any CPU
		{0CF40B7D-B104-4E5C-B6E4-F302B29453F7}.Release|Any CPU.ActiveCfg = Release|Any CPU
		{0CF40B7D-B104-4E5C-B6E4-F302B29453F7}.Release|Any CPU.Build.0 = Release|Any CPU
		{0CF40B7D-B104-4E5C-B6E4-F302B29453F7}.Release|x64.ActiveCfg = Release|Any CPU
		{0CF40B7D-B104-4E5C-B6E4-F302B29453F7}.Release|x64.Build.0 = Release|Any CPU
		{0CF40B7D-B104-4E5C-B6E4-F302B29453F7}.Release|x86.ActiveCfg = Release|Any CPU
		{0CF40B7D-B104-4E5C-B6E4-F302B29453F7}.Release|x86.Build.0 = Release|Any CPU
		{EE151130-8D91-4C9E-9B95-39D9C208DA32}.Debug|Any CPU.ActiveCfg = Debug|Any CPU
		{EE151130-8D91-4C9E-9B95-39D9C208DA32}.Debug|Any CPU.Build.0 = Debug|Any CPU
		{EE151130-8D91-4C9E-9B95-39D9C208DA32}.Debug|x64.ActiveCfg = Debug|Any CPU
		{EE151130-8D91-4C9E-9B95-39D9C208DA32}.Debug|x64.Build.0 = Debug|Any CPU
		{EE151130-8D91-4C9E-9B95-39D9C208DA32}.Debug|x86.ActiveCfg = Debug|Any CPU
		{EE151130-8D91-4C9E-9B95-39D9C208DA32}.Debug|x86.Build.0 = Debug|Any CPU
		{EE151130-8D91-4C9E-9B95-39D9C208DA32}.Release|Any CPU.ActiveCfg = Release|Any CPU
		{EE151130-8D91-4C9E-9B95-39D9C208DA32}.Release|Any CPU.Build.0 = Release|Any CPU
		{EE151130-8D91-4C9E-9B95-39D9C208DA32}.Release|x64.ActiveCfg = Release|Any CPU
		{EE151130-8D91-4C9E-9B95-39D9C208DA32}.Release|x64.Build.0 = Release|Any CPU
		{EE151130-8D91-4C9E-9B95-39D9C208DA32}.Release|x86.ActiveCfg = Release|Any CPU
		{EE151130-8D91-4C9E-9B95-39D9C208DA32}.Release|x86.Build.0 = Release|Any CPU
		{FF562BD2-31CA-484A-929B-37F64F6D117C}.Debug|Any CPU.ActiveCfg = Debug|Any CPU
		{FF562BD2-31CA-484A-929B-37F64F6D117C}.Debug|Any CPU.Build.0 = Debug|Any CPU
		{FF562BD2-31CA-484A-929B-37F64F6D117C}.Debug|x64.ActiveCfg = Debug|Any CPU
		{FF562BD2-31CA-484A-929B-37F64F6D117C}.Debug|x64.Build.0 = Debug|Any CPU
		{FF562BD2-31CA-484A-929B-37F64F6D117C}.Debug|x86.ActiveCfg = Debug|Any CPU
		{FF562BD2-31CA-484A-929B-37F64F6D117C}.Debug|x86.Build.0 = Debug|Any CPU
		{FF562BD2-31CA-484A-929B-37F64F6D117C}.Release|Any CPU.ActiveCfg = Release|Any CPU
		{FF562BD2-31CA-484A-929B-37F64F6D117C}.Release|Any CPU.Build.0 = Release|Any CPU
		{FF562BD2-31CA-484A-929B-37F64F6D117C}.Release|x64.ActiveCfg = Release|Any CPU
		{FF562BD2-31CA-484A-929B-37F64F6D117C}.Release|x64.Build.0 = Release|Any CPU
		{FF562BD2-31CA-484A-929B-37F64F6D117C}.Release|x86.ActiveCfg = Release|Any CPU
		{FF562BD2-31CA-484A-929B-37F64F6D117C}.Release|x86.Build.0 = Release|Any CPU
		{58442ABB-832D-4017-92E7-FDA8EA042B74}.Debug|Any CPU.ActiveCfg = Debug|Any CPU
		{58442ABB-832D-4017-92E7-FDA8EA042B74}.Debug|Any CPU.Build.0 = Debug|Any CPU
		{58442ABB-832D-4017-92E7-FDA8EA042B74}.Debug|x64.ActiveCfg = Debug|Any CPU
		{58442ABB-832D-4017-92E7-FDA8EA042B74}.Debug|x64.Build.0 = Debug|Any CPU
		{58442ABB-832D-4017-92E7-FDA8EA042B74}.Debug|x86.ActiveCfg = Debug|Any CPU
		{58442ABB-832D-4017-92E7-FDA8EA042B74}.Debug|x86.Build.0 = Debug|Any CPU
		{58442ABB-832D-4017-92E7-FDA8EA042B74}.Release|Any CPU.ActiveCfg = Release|Any CPU
		{58442ABB-832D-4017-92E7-FDA8EA042B74}.Release|Any CPU.Build.0 = Release|Any CPU
		{58442ABB-832D-4017-92E7-FDA8EA042B74}.Release|x64.ActiveCfg = Release|Any CPU
		{58442ABB-832D-4017-92E7-FDA8EA042B74}.Release|x64.Build.0 = Release|Any CPU
		{58442ABB-832D-4017-92E7-FDA8EA042B74}.Release|x86.ActiveCfg = Release|Any CPU
		{58442ABB-832D-4017-92E7-FDA8EA042B74}.Release|x86.Build.0 = Release|Any CPU
		{9CA2E363-E4C2-4D1F-ACE6-D5F6587DEC89}.Debug|Any CPU.ActiveCfg = Debug|Any CPU
		{9CA2E363-E4C2-4D1F-ACE6-D5F6587DEC89}.Debug|Any CPU.Build.0 = Debug|Any CPU
		{9CA2E363-E4C2-4D1F-ACE6-D5F6587DEC89}.Debug|x64.ActiveCfg = Debug|Any CPU
		{9CA2E363-E4C2-4D1F-ACE6-D5F6587DEC89}.Debug|x64.Build.0 = Debug|Any CPU
		{9CA2E363-E4C2-4D1F-ACE6-D5F6587DEC89}.Debug|x86.ActiveCfg = Debug|Any CPU
		{9CA2E363-E4C2-4D1F-ACE6-D5F6587DEC89}.Debug|x86.Build.0 = Debug|Any CPU
		{9CA2E363-E4C2-4D1F-ACE6-D5F6587DEC89}.Release|Any CPU.ActiveCfg = Release|Any CPU
		{9CA2E363-E4C2-4D1F-ACE6-D5F6587DEC89}.Release|Any CPU.Build.0 = Release|Any CPU
		{9CA2E363-E4C2-4D1F-ACE6-D5F6587DEC89}.Release|x64.ActiveCfg = Release|Any CPU
		{9CA2E363-E4C2-4D1F-ACE6-D5F6587DEC89}.Release|x64.Build.0 = Release|Any CPU
		{9CA2E363-E4C2-4D1F-ACE6-D5F6587DEC89}.Release|x86.ActiveCfg = Release|Any CPU
		{9CA2E363-E4C2-4D1F-ACE6-D5F6587DEC89}.Release|x86.Build.0 = Release|Any CPU
		{0E5FADA7-8962-434B-A732-2BC3B897A80A}.Debug|Any CPU.ActiveCfg = Debug|Any CPU
		{0E5FADA7-8962-434B-A732-2BC3B897A80A}.Debug|Any CPU.Build.0 = Debug|Any CPU
		{0E5FADA7-8962-434B-A732-2BC3B897A80A}.Debug|x64.ActiveCfg = Debug|Any CPU
		{0E5FADA7-8962-434B-A732-2BC3B897A80A}.Debug|x64.Build.0 = Debug|Any CPU
		{0E5FADA7-8962-434B-A732-2BC3B897A80A}.Debug|x86.ActiveCfg = Debug|Any CPU
		{0E5FADA7-8962-434B-A732-2BC3B897A80A}.Debug|x86.Build.0 = Debug|Any CPU
		{0E5FADA7-8962-434B-A732-2BC3B897A80A}.Release|Any CPU.ActiveCfg = Release|Any CPU
		{0E5FADA7-8962-434B-A732-2BC3B897A80A}.Release|Any CPU.Build.0 = Release|Any CPU
		{0E5FADA7-8962-434B-A732-2BC3B897A80A}.Release|x64.ActiveCfg = Release|Any CPU
		{0E5FADA7-8962-434B-A732-2BC3B897A80A}.Release|x64.Build.0 = Release|Any CPU
		{0E5FADA7-8962-434B-A732-2BC3B897A80A}.Release|x86.ActiveCfg = Release|Any CPU
		{0E5FADA7-8962-434B-A732-2BC3B897A80A}.Release|x86.Build.0 = Release|Any CPU
		{C4622821-EE64-45F0-9149-182B888B6C8E}.Debug|Any CPU.ActiveCfg = Debug|Any CPU
		{C4622821-EE64-45F0-9149-182B888B6C8E}.Debug|Any CPU.Build.0 = Debug|Any CPU
		{C4622821-EE64-45F0-9149-182B888B6C8E}.Debug|x64.ActiveCfg = Debug|Any CPU
		{C4622821-EE64-45F0-9149-182B888B6C8E}.Debug|x64.Build.0 = Debug|Any CPU
		{C4622821-EE64-45F0-9149-182B888B6C8E}.Debug|x86.ActiveCfg = Debug|Any CPU
		{C4622821-EE64-45F0-9149-182B888B6C8E}.Debug|x86.Build.0 = Debug|Any CPU
		{C4622821-EE64-45F0-9149-182B888B6C8E}.Release|Any CPU.ActiveCfg = Release|Any CPU
		{C4622821-EE64-45F0-9149-182B888B6C8E}.Release|Any CPU.Build.0 = Release|Any CPU
		{C4622821-EE64-45F0-9149-182B888B6C8E}.Release|x64.ActiveCfg = Release|Any CPU
		{C4622821-EE64-45F0-9149-182B888B6C8E}.Release|x64.Build.0 = Release|Any CPU
		{C4622821-EE64-45F0-9149-182B888B6C8E}.Release|x86.ActiveCfg = Release|Any CPU
		{C4622821-EE64-45F0-9149-182B888B6C8E}.Release|x86.Build.0 = Release|Any CPU
		{8661E186-80C7-4609-B7B0-09AE12E75D5B}.Debug|Any CPU.ActiveCfg = Debug|Any CPU
		{8661E186-80C7-4609-B7B0-09AE12E75D5B}.Debug|Any CPU.Build.0 = Debug|Any CPU
		{8661E186-80C7-4609-B7B0-09AE12E75D5B}.Debug|x64.ActiveCfg = Debug|Any CPU
		{8661E186-80C7-4609-B7B0-09AE12E75D5B}.Debug|x64.Build.0 = Debug|Any CPU
		{8661E186-80C7-4609-B7B0-09AE12E75D5B}.Debug|x86.ActiveCfg = Debug|Any CPU
		{8661E186-80C7-4609-B7B0-09AE12E75D5B}.Debug|x86.Build.0 = Debug|Any CPU
		{8661E186-80C7-4609-B7B0-09AE12E75D5B}.Release|Any CPU.ActiveCfg = Release|Any CPU
		{8661E186-80C7-4609-B7B0-09AE12E75D5B}.Release|Any CPU.Build.0 = Release|Any CPU
		{8661E186-80C7-4609-B7B0-09AE12E75D5B}.Release|x64.ActiveCfg = Release|Any CPU
		{8661E186-80C7-4609-B7B0-09AE12E75D5B}.Release|x64.Build.0 = Release|Any CPU
		{8661E186-80C7-4609-B7B0-09AE12E75D5B}.Release|x86.ActiveCfg = Release|Any CPU
		{8661E186-80C7-4609-B7B0-09AE12E75D5B}.Release|x86.Build.0 = Release|Any CPU
		{1B55078C-4A6F-463D-BFF0-698AB27405B5}.Debug|Any CPU.ActiveCfg = Debug|Any CPU
		{1B55078C-4A6F-463D-BFF0-698AB27405B5}.Debug|Any CPU.Build.0 = Debug|Any CPU
		{1B55078C-4A6F-463D-BFF0-698AB27405B5}.Debug|x64.ActiveCfg = Debug|Any CPU
		{1B55078C-4A6F-463D-BFF0-698AB27405B5}.Debug|x64.Build.0 = Debug|Any CPU
		{1B55078C-4A6F-463D-BFF0-698AB27405B5}.Debug|x86.ActiveCfg = Debug|Any CPU
		{1B55078C-4A6F-463D-BFF0-698AB27405B5}.Debug|x86.Build.0 = Debug|Any CPU
		{1B55078C-4A6F-463D-BFF0-698AB27405B5}.Release|Any CPU.ActiveCfg = Release|Any CPU
		{1B55078C-4A6F-463D-BFF0-698AB27405B5}.Release|Any CPU.Build.0 = Release|Any CPU
		{1B55078C-4A6F-463D-BFF0-698AB27405B5}.Release|x64.ActiveCfg = Release|Any CPU
		{1B55078C-4A6F-463D-BFF0-698AB27405B5}.Release|x64.Build.0 = Release|Any CPU
		{1B55078C-4A6F-463D-BFF0-698AB27405B5}.Release|x86.ActiveCfg = Release|Any CPU
		{1B55078C-4A6F-463D-BFF0-698AB27405B5}.Release|x86.Build.0 = Release|Any CPU
		{B1075429-43A8-4847-B927-39361B3F2C75}.Debug|Any CPU.ActiveCfg = Debug|Any CPU
		{B1075429-43A8-4847-B927-39361B3F2C75}.Debug|Any CPU.Build.0 = Debug|Any CPU
		{B1075429-43A8-4847-B927-39361B3F2C75}.Debug|x64.ActiveCfg = Debug|Any CPU
		{B1075429-43A8-4847-B927-39361B3F2C75}.Debug|x64.Build.0 = Debug|Any CPU
		{B1075429-43A8-4847-B927-39361B3F2C75}.Debug|x86.ActiveCfg = Debug|Any CPU
		{B1075429-43A8-4847-B927-39361B3F2C75}.Debug|x86.Build.0 = Debug|Any CPU
		{B1075429-43A8-4847-B927-39361B3F2C75}.Release|Any CPU.ActiveCfg = Release|Any CPU
		{B1075429-43A8-4847-B927-39361B3F2C75}.Release|Any CPU.Build.0 = Release|Any CPU
		{B1075429-43A8-4847-B927-39361B3F2C75}.Release|x64.ActiveCfg = Release|Any CPU
		{B1075429-43A8-4847-B927-39361B3F2C75}.Release|x64.Build.0 = Release|Any CPU
		{B1075429-43A8-4847-B927-39361B3F2C75}.Release|x86.ActiveCfg = Release|Any CPU
		{B1075429-43A8-4847-B927-39361B3F2C75}.Release|x86.Build.0 = Release|Any CPU
		{78DFA55C-D822-4B5B-B024-5CD7D0103016}.Debug|Any CPU.ActiveCfg = Debug|Any CPU
		{78DFA55C-D822-4B5B-B024-5CD7D0103016}.Debug|Any CPU.Build.0 = Debug|Any CPU
		{78DFA55C-D822-4B5B-B024-5CD7D0103016}.Debug|x64.ActiveCfg = Debug|Any CPU
		{78DFA55C-D822-4B5B-B024-5CD7D0103016}.Debug|x64.Build.0 = Debug|Any CPU
		{78DFA55C-D822-4B5B-B024-5CD7D0103016}.Debug|x86.ActiveCfg = Debug|Any CPU
		{78DFA55C-D822-4B5B-B024-5CD7D0103016}.Debug|x86.Build.0 = Debug|Any CPU
		{78DFA55C-D822-4B5B-B024-5CD7D0103016}.Release|Any CPU.ActiveCfg = Release|Any CPU
		{78DFA55C-D822-4B5B-B024-5CD7D0103016}.Release|Any CPU.Build.0 = Release|Any CPU
		{78DFA55C-D822-4B5B-B024-5CD7D0103016}.Release|x64.ActiveCfg = Release|Any CPU
		{78DFA55C-D822-4B5B-B024-5CD7D0103016}.Release|x64.Build.0 = Release|Any CPU
		{78DFA55C-D822-4B5B-B024-5CD7D0103016}.Release|x86.ActiveCfg = Release|Any CPU
		{78DFA55C-D822-4B5B-B024-5CD7D0103016}.Release|x86.Build.0 = Release|Any CPU
		{15AD33C9-84D8-421C-9401-92E42F59C983}.Debug|Any CPU.ActiveCfg = Debug|Any CPU
		{15AD33C9-84D8-421C-9401-92E42F59C983}.Debug|Any CPU.Build.0 = Debug|Any CPU
		{15AD33C9-84D8-421C-9401-92E42F59C983}.Debug|x64.ActiveCfg = Debug|Any CPU
		{15AD33C9-84D8-421C-9401-92E42F59C983}.Debug|x64.Build.0 = Debug|Any CPU
		{15AD33C9-84D8-421C-9401-92E42F59C983}.Debug|x86.ActiveCfg = Debug|Any CPU
		{15AD33C9-84D8-421C-9401-92E42F59C983}.Debug|x86.Build.0 = Debug|Any CPU
		{15AD33C9-84D8-421C-9401-92E42F59C983}.Release|Any CPU.ActiveCfg = Release|Any CPU
		{15AD33C9-84D8-421C-9401-92E42F59C983}.Release|Any CPU.Build.0 = Release|Any CPU
		{15AD33C9-84D8-421C-9401-92E42F59C983}.Release|x64.ActiveCfg = Release|Any CPU
		{15AD33C9-84D8-421C-9401-92E42F59C983}.Release|x64.Build.0 = Release|Any CPU
		{15AD33C9-84D8-421C-9401-92E42F59C983}.Release|x86.ActiveCfg = Release|Any CPU
		{15AD33C9-84D8-421C-9401-92E42F59C983}.Release|x86.Build.0 = Release|Any CPU
		{CFC3E366-04F8-4570-9BE6-E98B777E8158}.Debug|Any CPU.ActiveCfg = Debug|Any CPU
		{CFC3E366-04F8-4570-9BE6-E98B777E8158}.Debug|Any CPU.Build.0 = Debug|Any CPU
		{CFC3E366-04F8-4570-9BE6-E98B777E8158}.Debug|x64.ActiveCfg = Debug|Any CPU
		{CFC3E366-04F8-4570-9BE6-E98B777E8158}.Debug|x64.Build.0 = Debug|Any CPU
		{CFC3E366-04F8-4570-9BE6-E98B777E8158}.Debug|x86.ActiveCfg = Debug|Any CPU
		{CFC3E366-04F8-4570-9BE6-E98B777E8158}.Debug|x86.Build.0 = Debug|Any CPU
		{CFC3E366-04F8-4570-9BE6-E98B777E8158}.Release|Any CPU.ActiveCfg = Release|Any CPU
		{CFC3E366-04F8-4570-9BE6-E98B777E8158}.Release|Any CPU.Build.0 = Release|Any CPU
		{CFC3E366-04F8-4570-9BE6-E98B777E8158}.Release|x64.ActiveCfg = Release|Any CPU
		{CFC3E366-04F8-4570-9BE6-E98B777E8158}.Release|x64.Build.0 = Release|Any CPU
		{CFC3E366-04F8-4570-9BE6-E98B777E8158}.Release|x86.ActiveCfg = Release|Any CPU
		{CFC3E366-04F8-4570-9BE6-E98B777E8158}.Release|x86.Build.0 = Release|Any CPU
		{5F727425-8E12-44F9-B3A1-4D0260CEA7C3}.Debug|Any CPU.ActiveCfg = Debug|Any CPU
		{5F727425-8E12-44F9-B3A1-4D0260CEA7C3}.Debug|Any CPU.Build.0 = Debug|Any CPU
		{5F727425-8E12-44F9-B3A1-4D0260CEA7C3}.Debug|x64.ActiveCfg = Debug|Any CPU
		{5F727425-8E12-44F9-B3A1-4D0260CEA7C3}.Debug|x64.Build.0 = Debug|Any CPU
		{5F727425-8E12-44F9-B3A1-4D0260CEA7C3}.Debug|x86.ActiveCfg = Debug|Any CPU
		{5F727425-8E12-44F9-B3A1-4D0260CEA7C3}.Debug|x86.Build.0 = Debug|Any CPU
		{5F727425-8E12-44F9-B3A1-4D0260CEA7C3}.Release|Any CPU.ActiveCfg = Release|Any CPU
		{5F727425-8E12-44F9-B3A1-4D0260CEA7C3}.Release|Any CPU.Build.0 = Release|Any CPU
		{5F727425-8E12-44F9-B3A1-4D0260CEA7C3}.Release|x64.ActiveCfg = Release|Any CPU
		{5F727425-8E12-44F9-B3A1-4D0260CEA7C3}.Release|x64.Build.0 = Release|Any CPU
		{5F727425-8E12-44F9-B3A1-4D0260CEA7C3}.Release|x86.ActiveCfg = Release|Any CPU
		{5F727425-8E12-44F9-B3A1-4D0260CEA7C3}.Release|x86.Build.0 = Release|Any CPU
		{8545FDD8-5525-4AA0-9117-C86ECB16058F}.Debug|Any CPU.ActiveCfg = Debug|Any CPU
		{8545FDD8-5525-4AA0-9117-C86ECB16058F}.Debug|Any CPU.Build.0 = Debug|Any CPU
		{8545FDD8-5525-4AA0-9117-C86ECB16058F}.Debug|x64.ActiveCfg = Debug|Any CPU
		{8545FDD8-5525-4AA0-9117-C86ECB16058F}.Debug|x64.Build.0 = Debug|Any CPU
		{8545FDD8-5525-4AA0-9117-C86ECB16058F}.Debug|x86.ActiveCfg = Debug|Any CPU
		{8545FDD8-5525-4AA0-9117-C86ECB16058F}.Debug|x86.Build.0 = Debug|Any CPU
		{8545FDD8-5525-4AA0-9117-C86ECB16058F}.Release|Any CPU.ActiveCfg = Release|Any CPU
		{8545FDD8-5525-4AA0-9117-C86ECB16058F}.Release|Any CPU.Build.0 = Release|Any CPU
		{8545FDD8-5525-4AA0-9117-C86ECB16058F}.Release|x64.ActiveCfg = Release|Any CPU
		{8545FDD8-5525-4AA0-9117-C86ECB16058F}.Release|x64.Build.0 = Release|Any CPU
		{8545FDD8-5525-4AA0-9117-C86ECB16058F}.Release|x86.ActiveCfg = Release|Any CPU
		{8545FDD8-5525-4AA0-9117-C86ECB16058F}.Release|x86.Build.0 = Release|Any CPU
		{21CB467A-DDA0-400B-91C8-C5F6735133AF}.Debug|Any CPU.ActiveCfg = Debug|Any CPU
		{21CB467A-DDA0-400B-91C8-C5F6735133AF}.Debug|Any CPU.Build.0 = Debug|Any CPU
		{21CB467A-DDA0-400B-91C8-C5F6735133AF}.Debug|x64.ActiveCfg = Debug|Any CPU
		{21CB467A-DDA0-400B-91C8-C5F6735133AF}.Debug|x64.Build.0 = Debug|Any CPU
		{21CB467A-DDA0-400B-91C8-C5F6735133AF}.Debug|x86.ActiveCfg = Debug|Any CPU
		{21CB467A-DDA0-400B-91C8-C5F6735133AF}.Debug|x86.Build.0 = Debug|Any CPU
		{21CB467A-DDA0-400B-91C8-C5F6735133AF}.Release|Any CPU.ActiveCfg = Release|Any CPU
		{21CB467A-DDA0-400B-91C8-C5F6735133AF}.Release|Any CPU.Build.0 = Release|Any CPU
		{21CB467A-DDA0-400B-91C8-C5F6735133AF}.Release|x64.ActiveCfg = Release|Any CPU
		{21CB467A-DDA0-400B-91C8-C5F6735133AF}.Release|x64.Build.0 = Release|Any CPU
		{21CB467A-DDA0-400B-91C8-C5F6735133AF}.Release|x86.ActiveCfg = Release|Any CPU
		{21CB467A-DDA0-400B-91C8-C5F6735133AF}.Release|x86.Build.0 = Release|Any CPU
		{F8725F99-2496-42DB-BB00-BB7EA5BE3D6C}.Debug|Any CPU.ActiveCfg = Debug|Any CPU
		{F8725F99-2496-42DB-BB00-BB7EA5BE3D6C}.Debug|Any CPU.Build.0 = Debug|Any CPU
		{F8725F99-2496-42DB-BB00-BB7EA5BE3D6C}.Debug|x64.ActiveCfg = Debug|Any CPU
		{F8725F99-2496-42DB-BB00-BB7EA5BE3D6C}.Debug|x64.Build.0 = Debug|Any CPU
		{F8725F99-2496-42DB-BB00-BB7EA5BE3D6C}.Debug|x86.ActiveCfg = Debug|Any CPU
		{F8725F99-2496-42DB-BB00-BB7EA5BE3D6C}.Debug|x86.Build.0 = Debug|Any CPU
		{F8725F99-2496-42DB-BB00-BB7EA5BE3D6C}.Release|Any CPU.ActiveCfg = Release|Any CPU
		{F8725F99-2496-42DB-BB00-BB7EA5BE3D6C}.Release|Any CPU.Build.0 = Release|Any CPU
		{F8725F99-2496-42DB-BB00-BB7EA5BE3D6C}.Release|x64.ActiveCfg = Release|Any CPU
		{F8725F99-2496-42DB-BB00-BB7EA5BE3D6C}.Release|x64.Build.0 = Release|Any CPU
		{F8725F99-2496-42DB-BB00-BB7EA5BE3D6C}.Release|x86.ActiveCfg = Release|Any CPU
		{F8725F99-2496-42DB-BB00-BB7EA5BE3D6C}.Release|x86.Build.0 = Release|Any CPU
		{D258AD40-6334-420D-985C-E222DF926803}.Debug|Any CPU.ActiveCfg = Debug|Any CPU
		{D258AD40-6334-420D-985C-E222DF926803}.Debug|Any CPU.Build.0 = Debug|Any CPU
		{D258AD40-6334-420D-985C-E222DF926803}.Debug|x64.ActiveCfg = Debug|Any CPU
		{D258AD40-6334-420D-985C-E222DF926803}.Debug|x64.Build.0 = Debug|Any CPU
		{D258AD40-6334-420D-985C-E222DF926803}.Debug|x86.ActiveCfg = Debug|Any CPU
		{D258AD40-6334-420D-985C-E222DF926803}.Debug|x86.Build.0 = Debug|Any CPU
		{D258AD40-6334-420D-985C-E222DF926803}.Release|Any CPU.ActiveCfg = Release|Any CPU
		{D258AD40-6334-420D-985C-E222DF926803}.Release|Any CPU.Build.0 = Release|Any CPU
		{D258AD40-6334-420D-985C-E222DF926803}.Release|x64.ActiveCfg = Release|Any CPU
		{D258AD40-6334-420D-985C-E222DF926803}.Release|x64.Build.0 = Release|Any CPU
		{D258AD40-6334-420D-985C-E222DF926803}.Release|x86.ActiveCfg = Release|Any CPU
		{D258AD40-6334-420D-985C-E222DF926803}.Release|x86.Build.0 = Release|Any CPU
		{A38E73C2-58CC-472A-8AFF-7409A678FD95}.Debug|Any CPU.ActiveCfg = Debug|Any CPU
		{A38E73C2-58CC-472A-8AFF-7409A678FD95}.Debug|Any CPU.Build.0 = Debug|Any CPU
		{A38E73C2-58CC-472A-8AFF-7409A678FD95}.Debug|x64.ActiveCfg = Debug|Any CPU
		{A38E73C2-58CC-472A-8AFF-7409A678FD95}.Debug|x64.Build.0 = Debug|Any CPU
		{A38E73C2-58CC-472A-8AFF-7409A678FD95}.Debug|x86.ActiveCfg = Debug|Any CPU
		{A38E73C2-58CC-472A-8AFF-7409A678FD95}.Debug|x86.Build.0 = Debug|Any CPU
		{A38E73C2-58CC-472A-8AFF-7409A678FD95}.Release|Any CPU.ActiveCfg = Release|Any CPU
		{A38E73C2-58CC-472A-8AFF-7409A678FD95}.Release|Any CPU.Build.0 = Release|Any CPU
		{A38E73C2-58CC-472A-8AFF-7409A678FD95}.Release|x64.ActiveCfg = Release|Any CPU
		{A38E73C2-58CC-472A-8AFF-7409A678FD95}.Release|x64.Build.0 = Release|Any CPU
		{A38E73C2-58CC-472A-8AFF-7409A678FD95}.Release|x86.ActiveCfg = Release|Any CPU
		{A38E73C2-58CC-472A-8AFF-7409A678FD95}.Release|x86.Build.0 = Release|Any CPU
		{E9830310-A61C-4CD0-8F6A-D4C751B79156}.Debug|Any CPU.ActiveCfg = Debug|Any CPU
		{E9830310-A61C-4CD0-8F6A-D4C751B79156}.Debug|Any CPU.Build.0 = Debug|Any CPU
		{E9830310-A61C-4CD0-8F6A-D4C751B79156}.Debug|x64.ActiveCfg = Debug|Any CPU
		{E9830310-A61C-4CD0-8F6A-D4C751B79156}.Debug|x64.Build.0 = Debug|Any CPU
		{E9830310-A61C-4CD0-8F6A-D4C751B79156}.Debug|x86.ActiveCfg = Debug|Any CPU
		{E9830310-A61C-4CD0-8F6A-D4C751B79156}.Debug|x86.Build.0 = Debug|Any CPU
		{E9830310-A61C-4CD0-8F6A-D4C751B79156}.Release|Any CPU.ActiveCfg = Release|Any CPU
		{E9830310-A61C-4CD0-8F6A-D4C751B79156}.Release|Any CPU.Build.0 = Release|Any CPU
		{E9830310-A61C-4CD0-8F6A-D4C751B79156}.Release|x64.ActiveCfg = Release|Any CPU
		{E9830310-A61C-4CD0-8F6A-D4C751B79156}.Release|x64.Build.0 = Release|Any CPU
		{E9830310-A61C-4CD0-8F6A-D4C751B79156}.Release|x86.ActiveCfg = Release|Any CPU
		{E9830310-A61C-4CD0-8F6A-D4C751B79156}.Release|x86.Build.0 = Release|Any CPU
		{173833ED-C65C-41C4-AAC5-9C374426AA21}.Debug|Any CPU.ActiveCfg = Debug|Any CPU
		{173833ED-C65C-41C4-AAC5-9C374426AA21}.Debug|Any CPU.Build.0 = Debug|Any CPU
		{173833ED-C65C-41C4-AAC5-9C374426AA21}.Debug|x64.ActiveCfg = Debug|Any CPU
		{173833ED-C65C-41C4-AAC5-9C374426AA21}.Debug|x64.Build.0 = Debug|Any CPU
		{173833ED-C65C-41C4-AAC5-9C374426AA21}.Debug|x86.ActiveCfg = Debug|Any CPU
		{173833ED-C65C-41C4-AAC5-9C374426AA21}.Debug|x86.Build.0 = Debug|Any CPU
		{173833ED-C65C-41C4-AAC5-9C374426AA21}.Release|Any CPU.ActiveCfg = Release|Any CPU
		{173833ED-C65C-41C4-AAC5-9C374426AA21}.Release|Any CPU.Build.0 = Release|Any CPU
		{173833ED-C65C-41C4-AAC5-9C374426AA21}.Release|x64.ActiveCfg = Release|Any CPU
		{173833ED-C65C-41C4-AAC5-9C374426AA21}.Release|x64.Build.0 = Release|Any CPU
		{173833ED-C65C-41C4-AAC5-9C374426AA21}.Release|x86.ActiveCfg = Release|Any CPU
		{173833ED-C65C-41C4-AAC5-9C374426AA21}.Release|x86.Build.0 = Release|Any CPU
	EndGlobalSection
	GlobalSection(SolutionProperties) = preSolution
		HideSolutionNode = FALSE
	EndGlobalSection
	GlobalSection(NestedProjects) = preSolution
		{FA1AFFB8-C1CB-44FB-948B-C6D3A63705AB} = {61E1DB06-9F1D-49A3-B6A2-1D141D0E15A2}
		{4DFA5C02-9D11-4F67-88DD-14480F766B2E} = {FA1AFFB8-C1CB-44FB-948B-C6D3A63705AB}
		{815D72B9-C83F-4EF2-9FCB-1B1CABF29026} = {FA1AFFB8-C1CB-44FB-948B-C6D3A63705AB}
		{3B620C49-B570-4A68-BFBE-44F1FF2C03F6} = {FA1AFFB8-C1CB-44FB-948B-C6D3A63705AB}
		{DCB290B6-B373-42BE-81CC-12431957721B} = {FA1AFFB8-C1CB-44FB-948B-C6D3A63705AB}
		{1B240A8A-A3F5-4BC2-8E39-63BB42AF0A4A} = {FA1AFFB8-C1CB-44FB-948B-C6D3A63705AB}
		{4E8E83BE-295E-4A6C-AFB5-7E5646F4489B} = {FA1AFFB8-C1CB-44FB-948B-C6D3A63705AB}
		{ADBBF2CB-5337-4540-B28E-EBA18C1FF2D9} = {FA1AFFB8-C1CB-44FB-948B-C6D3A63705AB}
		{4BC593D3-A392-477C-B78E-A770627A581F} = {FA1AFFB8-C1CB-44FB-948B-C6D3A63705AB}
		{A08B64D4-60AB-47FD-95EC-32FBFE6853D7} = {FA1AFFB8-C1CB-44FB-948B-C6D3A63705AB}
		{46CDE296-C281-460A-AC8D-65FA1C87845A} = {FA1AFFB8-C1CB-44FB-948B-C6D3A63705AB}
		{8784645B-535E-41C7-8CD7-A3A870F3EB36} = {FA1AFFB8-C1CB-44FB-948B-C6D3A63705AB}
		{72C82B40-8548-4022-9CBD-5E4813397B28} = {FA1AFFB8-C1CB-44FB-948B-C6D3A63705AB}
		{3D28D9F5-19A7-4C67-B6DB-F3CED8914E41} = {FA1AFFB8-C1CB-44FB-948B-C6D3A63705AB}
		{0CF40B7D-B104-4E5C-B6E4-F302B29453F7} = {FA1AFFB8-C1CB-44FB-948B-C6D3A63705AB}
		{EE151130-8D91-4C9E-9B95-39D9C208DA32} = {FA1AFFB8-C1CB-44FB-948B-C6D3A63705AB}
		{FF562BD2-31CA-484A-929B-37F64F6D117C} = {FA1AFFB8-C1CB-44FB-948B-C6D3A63705AB}
		{58442ABB-832D-4017-92E7-FDA8EA042B74} = {FA1AFFB8-C1CB-44FB-948B-C6D3A63705AB}
		{9CA2E363-E4C2-4D1F-ACE6-D5F6587DEC89} = {FA1AFFB8-C1CB-44FB-948B-C6D3A63705AB}
		{0E5FADA7-8962-434B-A732-2BC3B897A80A} = {FA1AFFB8-C1CB-44FB-948B-C6D3A63705AB}
		{C4622821-EE64-45F0-9149-182B888B6C8E} = {FA1AFFB8-C1CB-44FB-948B-C6D3A63705AB}
		{8661E186-80C7-4609-B7B0-09AE12E75D5B} = {FA1AFFB8-C1CB-44FB-948B-C6D3A63705AB}
		{1B55078C-4A6F-463D-BFF0-698AB27405B5} = {FA1AFFB8-C1CB-44FB-948B-C6D3A63705AB}
		{B1075429-43A8-4847-B927-39361B3F2C75} = {FA1AFFB8-C1CB-44FB-948B-C6D3A63705AB}
		{E9830310-A61C-4CD0-8F6A-D4C751B79156} = {46FA0DDD-FF7A-4147-9F25-7A91DC91B258}
		{173833ED-C65C-41C4-AAC5-9C374426AA21} = {46FA0DDD-FF7A-4147-9F25-7A91DC91B258}
	EndGlobalSection
	GlobalSection(ExtensibilityGlobals) = postSolution
		SolutionGuid = {8FAD91D9-3BDC-4C7B-B895-574883F738E4}
	EndGlobalSection
	GlobalSection(Performance) = preSolution
		HasPerformanceSessions = true
	EndGlobalSection
EndGlobal
