
Microsoft Visual Studio Solution File, Format Version 12.00
# Visual Studio Version 16
VisualStudioVersion = 16.0.29709.97
MinimumVisualStudioVersion = 15.0.26124.0
Project("{2150E333-8FDC-42A3-9474-1A3956D46DE8}") = "ThirdPart", "ThirdPart", "{61E1DB06-9F1D-49A3-B6A2-1D141D0E15A2}"
EndProject
Project("{2150E333-8FDC-42A3-9474-1A3956D46DE8}") = "B2R2", "B2R2", "{FA1AFFB8-C1CB-44FB-948B-C6D3A63705AB}"
EndProject
Project("{F2A71F9B-5D33-465A-A702-920D77279786}") = "ES.Sojobo", "ES.Sojobo\ES.Sojobo.fsproj", "{993EA649-3FA2-4F27-ABBD-2EF650B9F4C8}"
EndProject
Project("{F2A71F9B-5D33-465A-A702-920D77279786}") = "EndToEndTests", "EndToEndTests\EndToEndTests.fsproj", "{1F93EBBC-8C2D-4CF5-8AF5-F35DF3B5FA50}"
EndProject
Project("{2150E333-8FDC-42A3-9474-1A3956D46DE8}") = "Tests", "Tests", "{0F05462B-35E6-4CE8-A9B6-F411FE10E86C}"
EndProject
Project("{6EC3EE1D-3C4E-46DD-8F32-0CC8E7565705}") = "B2R2.BinAnalysis", "ThirdPart\B2R2\src\BinAnalysis\B2R2.BinAnalysis.fsproj", "{4DFA5C02-9D11-4F67-88DD-14480F766B2E}"
EndProject
Project("{6EC3EE1D-3C4E-46DD-8F32-0CC8E7565705}") = "B2R2.BinFile", "ThirdPart\B2R2\src\BinFile\B2R2.BinFile.fsproj", "{815D72B9-C83F-4EF2-9FCB-1B1CABF29026}"
EndProject
Project("{6EC3EE1D-3C4E-46DD-8F32-0CC8E7565705}") = "B2R2.BinIR", "ThirdPart\B2R2\src\BinIR\B2R2.BinIR.fsproj", "{3B620C49-B570-4A68-BFBE-44F1FF2C03F6}"
EndProject
Project("{6EC3EE1D-3C4E-46DD-8F32-0CC8E7565705}") = "B2R2.Core", "ThirdPart\B2R2\src\Core\B2R2.Core.fsproj", "{DCB290B6-B373-42BE-81CC-12431957721B}"
EndProject
Project("{6EC3EE1D-3C4E-46DD-8F32-0CC8E7565705}") = "B2R2.FrontEnd.Core", "ThirdPart\B2R2\src\FrontEnd\Core\B2R2.FrontEnd.Core.fsproj", "{1B240A8A-A3F5-4BC2-8E39-63BB42AF0A4A}"
EndProject
Project("{6EC3EE1D-3C4E-46DD-8F32-0CC8E7565705}") = "B2R2.FrontEnd.ARM32", "ThirdPart\B2R2\src\FrontEnd\ARM32\B2R2.FrontEnd.ARM32.fsproj", "{4E8E83BE-295E-4A6C-AFB5-7E5646F4489B}"
EndProject
Project("{6EC3EE1D-3C4E-46DD-8F32-0CC8E7565705}") = "B2R2.FrontEnd.ARM64", "ThirdPart\B2R2\src\FrontEnd\ARM64\B2R2.FrontEnd.ARM64.fsproj", "{ADBBF2CB-5337-4540-B28E-EBA18C1FF2D9}"
EndProject
Project("{6EC3EE1D-3C4E-46DD-8F32-0CC8E7565705}") = "B2R2.FrontEnd.Intel", "ThirdPart\B2R2\src\FrontEnd\Intel\B2R2.FrontEnd.Intel.fsproj", "{4BC593D3-A392-477C-B78E-A770627A581F}"
EndProject
Project("{6EC3EE1D-3C4E-46DD-8F32-0CC8E7565705}") = "B2R2.FrontEnd.Library", "ThirdPart\B2R2\src\FrontEnd\Library\B2R2.FrontEnd.Library.fsproj", "{A08B64D4-60AB-47FD-95EC-32FBFE6853D7}"
EndProject
Project("{6EC3EE1D-3C4E-46DD-8F32-0CC8E7565705}") = "B2R2.FrontEnd.MIPS", "ThirdPart\B2R2\src\FrontEnd\MIPS\B2R2.FrontEnd.MIPS.fsproj", "{46CDE296-C281-460A-AC8D-65FA1C87845A}"
EndProject
Project("{6EC3EE1D-3C4E-46DD-8F32-0CC8E7565705}") = "B2R2.FrontEnd.Optimizer", "ThirdPart\B2R2\src\FrontEnd\Optimizer\B2R2.FrontEnd.Optimizer.fsproj", "{8784645B-535E-41C7-8CD7-A3A870F3EB36}"
EndProject
Project("{8BC9CEB8-8B4A-11D0-8D11-00A0C91BC942}") = "RunShellcodeWithVirtualAlloc", "EndToEndTests\RunShellcodeWithVirtualAlloc\RunShellcodeWithVirtualAlloc.vcxproj", "{125B3129-C3DE-424A-AB45-DC2484F6A436}"
EndProject
Project("{2150E333-8FDC-42A3-9474-1A3956D46DE8}") = "Solution Items", "Solution Items", "{9C21785E-B8A6-4D78-86DC-21F021D237F9}"
	ProjectSection(SolutionItems) = preProject
		build.bat = build.bat
		build.fsx = build.fsx
		paket.dependencies = paket.dependencies
	EndProjectSection
EndProject
Project("{F2A71F9B-5D33-465A-A702-920D77279786}") = "IntegrationTests", "IntegrationTests\IntegrationTests.fsproj", "{7CCD2061-BC98-4994-B306-B89C6C87DC59}"
EndProject
Project("{FAE04EC0-301F-11D3-BF4B-00C04F79EFBC}") = "Kpot2StringExtractor", "Examples\Kpot2StringExtractor\Kpot2StringExtractor.csproj", "{21B72156-96B8-43B9-901F-E2A0E45044CF}"
EndProject
Project("{2150E333-8FDC-42A3-9474-1A3956D46DE8}") = "Examples", "Examples", "{06BCBAB7-1B48-441C-845A-26BCC1688D8A}"
EndProject
Project("{2150E333-8FDC-42A3-9474-1A3956D46DE8}") = "Tools", "Tools", "{46FA0DDD-FF7A-4147-9F25-7A91DC91B258}"
EndProject
Project("{F2A71F9B-5D33-465A-A702-920D77279786}") = "Tengu", "Tools\Tengu\Tengu.fsproj", "{CF304CA8-AD2C-43BE-AD71-B9128464C1C4}"
EndProject
Project("{F2A71F9B-5D33-465A-A702-920D77279786}") = "ES.Sojobo.Kernel32", "ES.Sojobo.Kernel32\ES.Sojobo.Kernel32.fsproj", "{A13162AE-2A9A-4E9F-9F92-97F0AB3BE91A}"
EndProject
Project("{F2A71F9B-5D33-465A-A702-920D77279786}") = "ES.Sojobo.VCRUNTIME140", "ES.Sojobo.VCRUNTIME140\ES.Sojobo.VCRUNTIME140.fsproj", "{E6C7A156-5BAC-4F7D-AF38-5224E1FEA43B}"
EndProject
Project("{F2A71F9B-5D33-465A-A702-920D77279786}") = "ES.Sojobo.ADVAPI32", "ES.Sojobo.ADVAPI32\ES.Sojobo.ADVAPI32.fsproj", "{5C754325-C9B2-4F2B-8281-911288BDA423}"
EndProject
Project("{F2A71F9B-5D33-465A-A702-920D77279786}") = "ES.Sojobo.USERENV", "ES.Sojobo.USERENV\ES.Sojobo.USERENV.fsproj", "{46BBFAB7-63CE-4D75-A702-D9B6993AB0AB}"
EndProject
Project("{F2A71F9B-5D33-465A-A702-920D77279786}") = "ES.Sojobo.ApiMsWinCrtRuntime", "ES.Sojobo.ApiMsWinCrtRuntime\ES.Sojobo.ApiMsWinCrtRuntime.fsproj", "{CA513033-6E03-4AE1-89FD-BB71729C83FB}"
EndProject
Project("{FAE04EC0-301F-11D3-BF4B-00C04F79EFBC}") = "ES.Sojobo.CSharp", "ES.Sojobo.CSharp\ES.Sojobo.CSharp.csproj", "{C7C79DDD-F41B-4D7A-A301-48C7C8367CF4}"
EndProject
Project("{2150E333-8FDC-42A3-9474-1A3956D46DE8}") = "Emulators", "Emulators", "{D40E1D4A-7F62-4384-96CB-C53A6A407196}"
EndProject
Project("{FAE04EC0-301F-11D3-BF4B-00C04F79EFBC}") = "KpotEmulator", "Emulators\KpotEmulator\KpotEmulator.csproj", "{3B84D44C-3F03-49E2-BFA9-0C558B308C22}"
EndProject
Project("{6EC3EE1D-3C4E-46DD-8F32-0CC8E7565705}") = "B2R2.ConcEval", "ThirdPart\B2R2\src\ConcEval\B2R2.ConcEval.fsproj", "{72C82B40-8548-4022-9CBD-5E4813397B28}"
EndProject
Project("{6EC3EE1D-3C4E-46DD-8F32-0CC8E7565705}") = "B2R2.Assembler.MIPS", "ThirdPart\B2R2\src\Assembler\MIPS\B2R2.Assembler.MIPS.fsproj", "{BBC52D02-880E-4FA4-8BAB-C24B3E251659}"
EndProject
Project("{F2A71F9B-5D33-465A-A702-920D77279786}") = "ES.Sojobo.Windows", "ES.Sojobo.Windows\ES.Sojobo.Windows.fsproj", "{108B8DFE-7688-4259-B2DB-E0F4EFAB05C8}"
EndProject
Project("{F2A71F9B-5D33-465A-A702-920D77279786}") = "ES.Sojobo.Winsock", "ES.Sojobo.Winsock\ES.Sojobo.Winsock.fsproj", "{D15C77F2-1F26-4210-A5BE-8BF7C2DE7FED}"
EndProject
Project("{6EC3EE1D-3C4E-46DD-8F32-0CC8E7565705}") = "B2R2.FrontEnd.EVM", "ThirdPart\B2R2\src\FrontEnd\EVM\B2R2.FrontEnd.EVM.fsproj", "{3D28D9F5-19A7-4C67-B6DB-F3CED8914E41}"
EndProject
Project("{6EC3EE1D-3C4E-46DD-8F32-0CC8E7565705}") = "B2R2.FrontEnd.TMS320C6000", "ThirdPart\B2R2\src\FrontEnd\TMS320C6000\B2R2.FrontEnd.TMS320C6000.fsproj", "{0CF40B7D-B104-4E5C-B6E4-F302B29453F7}"
EndProject
Project("{6EC3EE1D-3C4E-46DD-8F32-0CC8E7565705}") = "B2R2.NameMangling", "ThirdPart\B2R2\src\NameMangling\B2R2.NameMangling.fsproj", "{EE151130-8D91-4C9E-9B95-39D9C208DA32}"
EndProject
Project("{6EC3EE1D-3C4E-46DD-8F32-0CC8E7565705}") = "B2R2.MiddleEnd", "ThirdPart\B2R2\src\MiddleEnd\B2R2.MiddleEnd.fsproj", "{FF562BD2-31CA-484A-929B-37F64F6D117C}"
EndProject
Project("{6EC3EE1D-3C4E-46DD-8F32-0CC8E7565705}") = "B2R2.DataFlow", "ThirdPart\B2R2\src\DataFlow\B2R2.DataFlow.fsproj", "{58442ABB-832D-4017-92E7-FDA8EA042B74}"
EndProject
Project("{6EC3EE1D-3C4E-46DD-8F32-0CC8E7565705}") = "B2R2.BinGraph", "ThirdPart\B2R2\src\BinGraph\B2R2.BinGraph.fsproj", "{9CA2E363-E4C2-4D1F-ACE6-D5F6587DEC89}"
EndProject
Project("{6EC3EE1D-3C4E-46DD-8F32-0CC8E7565705}") = "B2R2.BinCorpus", "ThirdPart\B2R2\src\BinCorpus\B2R2.BinCorpus.fsproj", "{0E5FADA7-8962-434B-A732-2BC3B897A80A}"
EndProject
Project("{6EC3EE1D-3C4E-46DD-8F32-0CC8E7565705}") = "B2R2.Assembler.LowUIR", "ThirdPart\B2R2\src\Assembler\LowUIR\B2R2.Assembler.LowUIR.fsproj", "{C4622821-EE64-45F0-9149-182B888B6C8E}"
EndProject
Project("{6EC3EE1D-3C4E-46DD-8F32-0CC8E7565705}") = "B2R2.Assembler.Interface", "ThirdPart\B2R2\src\Assembler\Interface\B2R2.Assembler.Interface.fsproj", "{8661E186-80C7-4609-B7B0-09AE12E75D5B}"
EndProject
Project("{6EC3EE1D-3C4E-46DD-8F32-0CC8E7565705}") = "B2R2.Assembler.Intel", "ThirdPart\B2R2\src\Assembler\Intel\B2R2.Assembler.Intel.fsproj", "{1B55078C-4A6F-463D-BFF0-698AB27405B5}"
EndProject
Project("{6EC3EE1D-3C4E-46DD-8F32-0CC8E7565705}") = "ADVDeobfuscator", "Tools\ADVDeobfuscator\ADVDeobfuscator.fsproj", "{4389E313-9816-497C-B0EF-4486DB9227E9}"
EndProject
Project("{6EC3EE1D-3C4E-46DD-8F32-0CC8E7565705}") = "B2R2.Assembler.ARM32", "ThirdPart\B2R2\src\Assembler\ARM32\B2R2.Assembler.ARM32.fsproj", "{B1075429-43A8-4847-B927-39361B3F2C75}"
EndProject
Global
	GlobalSection(SolutionConfigurationPlatforms) = preSolution
		Debug|Any CPU = Debug|Any CPU
		Debug|x64 = Debug|x64
		Debug|x86 = Debug|x86
		Release|Any CPU = Release|Any CPU
		Release|x64 = Release|x64
		Release|x86 = Release|x86
	EndGlobalSection
	GlobalSection(ProjectConfigurationPlatforms) = postSolution
		{993EA649-3FA2-4F27-ABBD-2EF650B9F4C8}.Debug|Any CPU.ActiveCfg = Debug|Any CPU
		{993EA649-3FA2-4F27-ABBD-2EF650B9F4C8}.Debug|Any CPU.Build.0 = Debug|Any CPU
		{993EA649-3FA2-4F27-ABBD-2EF650B9F4C8}.Debug|x64.ActiveCfg = Debug|Any CPU
		{993EA649-3FA2-4F27-ABBD-2EF650B9F4C8}.Debug|x64.Build.0 = Debug|Any CPU
		{993EA649-3FA2-4F27-ABBD-2EF650B9F4C8}.Debug|x86.ActiveCfg = Debug|Any CPU
		{993EA649-3FA2-4F27-ABBD-2EF650B9F4C8}.Debug|x86.Build.0 = Debug|Any CPU
		{993EA649-3FA2-4F27-ABBD-2EF650B9F4C8}.Release|Any CPU.ActiveCfg = Release|Any CPU
		{993EA649-3FA2-4F27-ABBD-2EF650B9F4C8}.Release|Any CPU.Build.0 = Release|Any CPU
		{993EA649-3FA2-4F27-ABBD-2EF650B9F4C8}.Release|x64.ActiveCfg = Release|Any CPU
		{993EA649-3FA2-4F27-ABBD-2EF650B9F4C8}.Release|x64.Build.0 = Release|Any CPU
		{993EA649-3FA2-4F27-ABBD-2EF650B9F4C8}.Release|x86.ActiveCfg = Release|Any CPU
		{993EA649-3FA2-4F27-ABBD-2EF650B9F4C8}.Release|x86.Build.0 = Release|Any CPU
		{1F93EBBC-8C2D-4CF5-8AF5-F35DF3B5FA50}.Debug|Any CPU.ActiveCfg = Debug|Any CPU
		{1F93EBBC-8C2D-4CF5-8AF5-F35DF3B5FA50}.Debug|Any CPU.Build.0 = Debug|Any CPU
		{1F93EBBC-8C2D-4CF5-8AF5-F35DF3B5FA50}.Debug|x64.ActiveCfg = Debug|Any CPU
		{1F93EBBC-8C2D-4CF5-8AF5-F35DF3B5FA50}.Debug|x64.Build.0 = Debug|Any CPU
		{1F93EBBC-8C2D-4CF5-8AF5-F35DF3B5FA50}.Debug|x86.ActiveCfg = Debug|Any CPU
		{1F93EBBC-8C2D-4CF5-8AF5-F35DF3B5FA50}.Debug|x86.Build.0 = Debug|Any CPU
		{1F93EBBC-8C2D-4CF5-8AF5-F35DF3B5FA50}.Release|Any CPU.ActiveCfg = Release|Any CPU
		{1F93EBBC-8C2D-4CF5-8AF5-F35DF3B5FA50}.Release|Any CPU.Build.0 = Release|Any CPU
		{1F93EBBC-8C2D-4CF5-8AF5-F35DF3B5FA50}.Release|x64.ActiveCfg = Release|Any CPU
		{1F93EBBC-8C2D-4CF5-8AF5-F35DF3B5FA50}.Release|x64.Build.0 = Release|Any CPU
		{1F93EBBC-8C2D-4CF5-8AF5-F35DF3B5FA50}.Release|x86.ActiveCfg = Release|Any CPU
		{1F93EBBC-8C2D-4CF5-8AF5-F35DF3B5FA50}.Release|x86.Build.0 = Release|Any CPU
		{4DFA5C02-9D11-4F67-88DD-14480F766B2E}.Debug|Any CPU.ActiveCfg = Debug|Any CPU
		{4DFA5C02-9D11-4F67-88DD-14480F766B2E}.Debug|Any CPU.Build.0 = Debug|Any CPU
		{4DFA5C02-9D11-4F67-88DD-14480F766B2E}.Debug|x64.ActiveCfg = Debug|Any CPU
		{4DFA5C02-9D11-4F67-88DD-14480F766B2E}.Debug|x64.Build.0 = Debug|Any CPU
		{4DFA5C02-9D11-4F67-88DD-14480F766B2E}.Debug|x86.ActiveCfg = Debug|Any CPU
		{4DFA5C02-9D11-4F67-88DD-14480F766B2E}.Debug|x86.Build.0 = Debug|Any CPU
		{4DFA5C02-9D11-4F67-88DD-14480F766B2E}.Release|Any CPU.ActiveCfg = Release|Any CPU
		{4DFA5C02-9D11-4F67-88DD-14480F766B2E}.Release|Any CPU.Build.0 = Release|Any CPU
		{4DFA5C02-9D11-4F67-88DD-14480F766B2E}.Release|x64.ActiveCfg = Release|Any CPU
		{4DFA5C02-9D11-4F67-88DD-14480F766B2E}.Release|x64.Build.0 = Release|Any CPU
		{4DFA5C02-9D11-4F67-88DD-14480F766B2E}.Release|x86.ActiveCfg = Release|Any CPU
		{4DFA5C02-9D11-4F67-88DD-14480F766B2E}.Release|x86.Build.0 = Release|Any CPU
		{815D72B9-C83F-4EF2-9FCB-1B1CABF29026}.Debug|Any CPU.ActiveCfg = Debug|Any CPU
		{815D72B9-C83F-4EF2-9FCB-1B1CABF29026}.Debug|Any CPU.Build.0 = Debug|Any CPU
		{815D72B9-C83F-4EF2-9FCB-1B1CABF29026}.Debug|x64.ActiveCfg = Debug|Any CPU
		{815D72B9-C83F-4EF2-9FCB-1B1CABF29026}.Debug|x64.Build.0 = Debug|Any CPU
		{815D72B9-C83F-4EF2-9FCB-1B1CABF29026}.Debug|x86.ActiveCfg = Debug|Any CPU
		{815D72B9-C83F-4EF2-9FCB-1B1CABF29026}.Debug|x86.Build.0 = Debug|Any CPU
		{815D72B9-C83F-4EF2-9FCB-1B1CABF29026}.Release|Any CPU.ActiveCfg = Release|Any CPU
		{815D72B9-C83F-4EF2-9FCB-1B1CABF29026}.Release|Any CPU.Build.0 = Release|Any CPU
		{815D72B9-C83F-4EF2-9FCB-1B1CABF29026}.Release|x64.ActiveCfg = Release|Any CPU
		{815D72B9-C83F-4EF2-9FCB-1B1CABF29026}.Release|x64.Build.0 = Release|Any CPU
		{815D72B9-C83F-4EF2-9FCB-1B1CABF29026}.Release|x86.ActiveCfg = Release|Any CPU
		{815D72B9-C83F-4EF2-9FCB-1B1CABF29026}.Release|x86.Build.0 = Release|Any CPU
		{3B620C49-B570-4A68-BFBE-44F1FF2C03F6}.Debug|Any CPU.ActiveCfg = Debug|Any CPU
		{3B620C49-B570-4A68-BFBE-44F1FF2C03F6}.Debug|Any CPU.Build.0 = Debug|Any CPU
		{3B620C49-B570-4A68-BFBE-44F1FF2C03F6}.Debug|x64.ActiveCfg = Debug|Any CPU
		{3B620C49-B570-4A68-BFBE-44F1FF2C03F6}.Debug|x64.Build.0 = Debug|Any CPU
		{3B620C49-B570-4A68-BFBE-44F1FF2C03F6}.Debug|x86.ActiveCfg = Debug|Any CPU
		{3B620C49-B570-4A68-BFBE-44F1FF2C03F6}.Debug|x86.Build.0 = Debug|Any CPU
		{3B620C49-B570-4A68-BFBE-44F1FF2C03F6}.Release|Any CPU.ActiveCfg = Release|Any CPU
		{3B620C49-B570-4A68-BFBE-44F1FF2C03F6}.Release|Any CPU.Build.0 = Release|Any CPU
		{3B620C49-B570-4A68-BFBE-44F1FF2C03F6}.Release|x64.ActiveCfg = Release|Any CPU
		{3B620C49-B570-4A68-BFBE-44F1FF2C03F6}.Release|x64.Build.0 = Release|Any CPU
		{3B620C49-B570-4A68-BFBE-44F1FF2C03F6}.Release|x86.ActiveCfg = Release|Any CPU
		{3B620C49-B570-4A68-BFBE-44F1FF2C03F6}.Release|x86.Build.0 = Release|Any CPU
		{DCB290B6-B373-42BE-81CC-12431957721B}.Debug|Any CPU.ActiveCfg = Debug|Any CPU
		{DCB290B6-B373-42BE-81CC-12431957721B}.Debug|Any CPU.Build.0 = Debug|Any CPU
		{DCB290B6-B373-42BE-81CC-12431957721B}.Debug|x64.ActiveCfg = Debug|Any CPU
		{DCB290B6-B373-42BE-81CC-12431957721B}.Debug|x64.Build.0 = Debug|Any CPU
		{DCB290B6-B373-42BE-81CC-12431957721B}.Debug|x86.ActiveCfg = Debug|Any CPU
		{DCB290B6-B373-42BE-81CC-12431957721B}.Debug|x86.Build.0 = Debug|Any CPU
		{DCB290B6-B373-42BE-81CC-12431957721B}.Release|Any CPU.ActiveCfg = Release|Any CPU
		{DCB290B6-B373-42BE-81CC-12431957721B}.Release|Any CPU.Build.0 = Release|Any CPU
		{DCB290B6-B373-42BE-81CC-12431957721B}.Release|x64.ActiveCfg = Release|Any CPU
		{DCB290B6-B373-42BE-81CC-12431957721B}.Release|x64.Build.0 = Release|Any CPU
		{DCB290B6-B373-42BE-81CC-12431957721B}.Release|x86.ActiveCfg = Release|Any CPU
		{DCB290B6-B373-42BE-81CC-12431957721B}.Release|x86.Build.0 = Release|Any CPU
		{1B240A8A-A3F5-4BC2-8E39-63BB42AF0A4A}.Debug|Any CPU.ActiveCfg = Debug|Any CPU
		{1B240A8A-A3F5-4BC2-8E39-63BB42AF0A4A}.Debug|Any CPU.Build.0 = Debug|Any CPU
		{1B240A8A-A3F5-4BC2-8E39-63BB42AF0A4A}.Debug|x64.ActiveCfg = Debug|Any CPU
		{1B240A8A-A3F5-4BC2-8E39-63BB42AF0A4A}.Debug|x64.Build.0 = Debug|Any CPU
		{1B240A8A-A3F5-4BC2-8E39-63BB42AF0A4A}.Debug|x86.ActiveCfg = Debug|Any CPU
		{1B240A8A-A3F5-4BC2-8E39-63BB42AF0A4A}.Debug|x86.Build.0 = Debug|Any CPU
		{1B240A8A-A3F5-4BC2-8E39-63BB42AF0A4A}.Release|Any CPU.ActiveCfg = Release|Any CPU
		{1B240A8A-A3F5-4BC2-8E39-63BB42AF0A4A}.Release|Any CPU.Build.0 = Release|Any CPU
		{1B240A8A-A3F5-4BC2-8E39-63BB42AF0A4A}.Release|x64.ActiveCfg = Release|Any CPU
		{1B240A8A-A3F5-4BC2-8E39-63BB42AF0A4A}.Release|x64.Build.0 = Release|Any CPU
		{1B240A8A-A3F5-4BC2-8E39-63BB42AF0A4A}.Release|x86.ActiveCfg = Release|Any CPU
		{1B240A8A-A3F5-4BC2-8E39-63BB42AF0A4A}.Release|x86.Build.0 = Release|Any CPU
		{4E8E83BE-295E-4A6C-AFB5-7E5646F4489B}.Debug|Any CPU.ActiveCfg = Debug|Any CPU
		{4E8E83BE-295E-4A6C-AFB5-7E5646F4489B}.Debug|Any CPU.Build.0 = Debug|Any CPU
		{4E8E83BE-295E-4A6C-AFB5-7E5646F4489B}.Debug|x64.ActiveCfg = Debug|Any CPU
		{4E8E83BE-295E-4A6C-AFB5-7E5646F4489B}.Debug|x64.Build.0 = Debug|Any CPU
		{4E8E83BE-295E-4A6C-AFB5-7E5646F4489B}.Debug|x86.ActiveCfg = Debug|Any CPU
		{4E8E83BE-295E-4A6C-AFB5-7E5646F4489B}.Debug|x86.Build.0 = Debug|Any CPU
		{4E8E83BE-295E-4A6C-AFB5-7E5646F4489B}.Release|Any CPU.ActiveCfg = Release|Any CPU
		{4E8E83BE-295E-4A6C-AFB5-7E5646F4489B}.Release|Any CPU.Build.0 = Release|Any CPU
		{4E8E83BE-295E-4A6C-AFB5-7E5646F4489B}.Release|x64.ActiveCfg = Release|Any CPU
		{4E8E83BE-295E-4A6C-AFB5-7E5646F4489B}.Release|x64.Build.0 = Release|Any CPU
		{4E8E83BE-295E-4A6C-AFB5-7E5646F4489B}.Release|x86.ActiveCfg = Release|Any CPU
		{4E8E83BE-295E-4A6C-AFB5-7E5646F4489B}.Release|x86.Build.0 = Release|Any CPU
		{ADBBF2CB-5337-4540-B28E-EBA18C1FF2D9}.Debug|Any CPU.ActiveCfg = Debug|Any CPU
		{ADBBF2CB-5337-4540-B28E-EBA18C1FF2D9}.Debug|Any CPU.Build.0 = Debug|Any CPU
		{ADBBF2CB-5337-4540-B28E-EBA18C1FF2D9}.Debug|x64.ActiveCfg = Debug|Any CPU
		{ADBBF2CB-5337-4540-B28E-EBA18C1FF2D9}.Debug|x64.Build.0 = Debug|Any CPU
		{ADBBF2CB-5337-4540-B28E-EBA18C1FF2D9}.Debug|x86.ActiveCfg = Debug|Any CPU
		{ADBBF2CB-5337-4540-B28E-EBA18C1FF2D9}.Debug|x86.Build.0 = Debug|Any CPU
		{ADBBF2CB-5337-4540-B28E-EBA18C1FF2D9}.Release|Any CPU.ActiveCfg = Release|Any CPU
		{ADBBF2CB-5337-4540-B28E-EBA18C1FF2D9}.Release|Any CPU.Build.0 = Release|Any CPU
		{ADBBF2CB-5337-4540-B28E-EBA18C1FF2D9}.Release|x64.ActiveCfg = Release|Any CPU
		{ADBBF2CB-5337-4540-B28E-EBA18C1FF2D9}.Release|x64.Build.0 = Release|Any CPU
		{ADBBF2CB-5337-4540-B28E-EBA18C1FF2D9}.Release|x86.ActiveCfg = Release|Any CPU
		{ADBBF2CB-5337-4540-B28E-EBA18C1FF2D9}.Release|x86.Build.0 = Release|Any CPU
		{4BC593D3-A392-477C-B78E-A770627A581F}.Debug|Any CPU.ActiveCfg = Debug|Any CPU
		{4BC593D3-A392-477C-B78E-A770627A581F}.Debug|Any CPU.Build.0 = Debug|Any CPU
		{4BC593D3-A392-477C-B78E-A770627A581F}.Debug|x64.ActiveCfg = Debug|Any CPU
		{4BC593D3-A392-477C-B78E-A770627A581F}.Debug|x64.Build.0 = Debug|Any CPU
		{4BC593D3-A392-477C-B78E-A770627A581F}.Debug|x86.ActiveCfg = Debug|Any CPU
		{4BC593D3-A392-477C-B78E-A770627A581F}.Debug|x86.Build.0 = Debug|Any CPU
		{4BC593D3-A392-477C-B78E-A770627A581F}.Release|Any CPU.ActiveCfg = Release|Any CPU
		{4BC593D3-A392-477C-B78E-A770627A581F}.Release|Any CPU.Build.0 = Release|Any CPU
		{4BC593D3-A392-477C-B78E-A770627A581F}.Release|x64.ActiveCfg = Release|Any CPU
		{4BC593D3-A392-477C-B78E-A770627A581F}.Release|x64.Build.0 = Release|Any CPU
		{4BC593D3-A392-477C-B78E-A770627A581F}.Release|x86.ActiveCfg = Release|Any CPU
		{4BC593D3-A392-477C-B78E-A770627A581F}.Release|x86.Build.0 = Release|Any CPU
		{A08B64D4-60AB-47FD-95EC-32FBFE6853D7}.Debug|Any CPU.ActiveCfg = Debug|Any CPU
		{A08B64D4-60AB-47FD-95EC-32FBFE6853D7}.Debug|Any CPU.Build.0 = Debug|Any CPU
		{A08B64D4-60AB-47FD-95EC-32FBFE6853D7}.Debug|x64.ActiveCfg = Debug|Any CPU
		{A08B64D4-60AB-47FD-95EC-32FBFE6853D7}.Debug|x64.Build.0 = Debug|Any CPU
		{A08B64D4-60AB-47FD-95EC-32FBFE6853D7}.Debug|x86.ActiveCfg = Debug|Any CPU
		{A08B64D4-60AB-47FD-95EC-32FBFE6853D7}.Debug|x86.Build.0 = Debug|Any CPU
		{A08B64D4-60AB-47FD-95EC-32FBFE6853D7}.Release|Any CPU.ActiveCfg = Release|Any CPU
		{A08B64D4-60AB-47FD-95EC-32FBFE6853D7}.Release|Any CPU.Build.0 = Release|Any CPU
		{A08B64D4-60AB-47FD-95EC-32FBFE6853D7}.Release|x64.ActiveCfg = Release|Any CPU
		{A08B64D4-60AB-47FD-95EC-32FBFE6853D7}.Release|x64.Build.0 = Release|Any CPU
		{A08B64D4-60AB-47FD-95EC-32FBFE6853D7}.Release|x86.ActiveCfg = Release|Any CPU
		{A08B64D4-60AB-47FD-95EC-32FBFE6853D7}.Release|x86.Build.0 = Release|Any CPU
		{46CDE296-C281-460A-AC8D-65FA1C87845A}.Debug|Any CPU.ActiveCfg = Debug|Any CPU
		{46CDE296-C281-460A-AC8D-65FA1C87845A}.Debug|Any CPU.Build.0 = Debug|Any CPU
		{46CDE296-C281-460A-AC8D-65FA1C87845A}.Debug|x64.ActiveCfg = Debug|Any CPU
		{46CDE296-C281-460A-AC8D-65FA1C87845A}.Debug|x64.Build.0 = Debug|Any CPU
		{46CDE296-C281-460A-AC8D-65FA1C87845A}.Debug|x86.ActiveCfg = Debug|Any CPU
		{46CDE296-C281-460A-AC8D-65FA1C87845A}.Debug|x86.Build.0 = Debug|Any CPU
		{46CDE296-C281-460A-AC8D-65FA1C87845A}.Release|Any CPU.ActiveCfg = Release|Any CPU
		{46CDE296-C281-460A-AC8D-65FA1C87845A}.Release|Any CPU.Build.0 = Release|Any CPU
		{46CDE296-C281-460A-AC8D-65FA1C87845A}.Release|x64.ActiveCfg = Release|Any CPU
		{46CDE296-C281-460A-AC8D-65FA1C87845A}.Release|x64.Build.0 = Release|Any CPU
		{46CDE296-C281-460A-AC8D-65FA1C87845A}.Release|x86.ActiveCfg = Release|Any CPU
		{46CDE296-C281-460A-AC8D-65FA1C87845A}.Release|x86.Build.0 = Release|Any CPU
		{8784645B-535E-41C7-8CD7-A3A870F3EB36}.Debug|Any CPU.ActiveCfg = Debug|Any CPU
		{8784645B-535E-41C7-8CD7-A3A870F3EB36}.Debug|Any CPU.Build.0 = Debug|Any CPU
		{8784645B-535E-41C7-8CD7-A3A870F3EB36}.Debug|x64.ActiveCfg = Debug|Any CPU
		{8784645B-535E-41C7-8CD7-A3A870F3EB36}.Debug|x64.Build.0 = Debug|Any CPU
		{8784645B-535E-41C7-8CD7-A3A870F3EB36}.Debug|x86.ActiveCfg = Debug|Any CPU
		{8784645B-535E-41C7-8CD7-A3A870F3EB36}.Debug|x86.Build.0 = Debug|Any CPU
		{8784645B-535E-41C7-8CD7-A3A870F3EB36}.Release|Any CPU.ActiveCfg = Release|Any CPU
		{8784645B-535E-41C7-8CD7-A3A870F3EB36}.Release|Any CPU.Build.0 = Release|Any CPU
		{8784645B-535E-41C7-8CD7-A3A870F3EB36}.Release|x64.ActiveCfg = Release|Any CPU
		{8784645B-535E-41C7-8CD7-A3A870F3EB36}.Release|x64.Build.0 = Release|Any CPU
		{8784645B-535E-41C7-8CD7-A3A870F3EB36}.Release|x86.ActiveCfg = Release|Any CPU
		{8784645B-535E-41C7-8CD7-A3A870F3EB36}.Release|x86.Build.0 = Release|Any CPU
		{125B3129-C3DE-424A-AB45-DC2484F6A436}.Debug|Any CPU.ActiveCfg = Debug|Win32
		{125B3129-C3DE-424A-AB45-DC2484F6A436}.Debug|x64.ActiveCfg = Debug|x64
		{125B3129-C3DE-424A-AB45-DC2484F6A436}.Debug|x64.Build.0 = Debug|x64
		{125B3129-C3DE-424A-AB45-DC2484F6A436}.Debug|x86.ActiveCfg = Debug|Win32
		{125B3129-C3DE-424A-AB45-DC2484F6A436}.Debug|x86.Build.0 = Debug|Win32
		{125B3129-C3DE-424A-AB45-DC2484F6A436}.Release|Any CPU.ActiveCfg = Release|Win32
		{125B3129-C3DE-424A-AB45-DC2484F6A436}.Release|x64.ActiveCfg = Release|x64
		{125B3129-C3DE-424A-AB45-DC2484F6A436}.Release|x64.Build.0 = Release|x64
		{125B3129-C3DE-424A-AB45-DC2484F6A436}.Release|x86.ActiveCfg = Release|Win32
		{125B3129-C3DE-424A-AB45-DC2484F6A436}.Release|x86.Build.0 = Release|Win32
		{7CCD2061-BC98-4994-B306-B89C6C87DC59}.Debug|Any CPU.ActiveCfg = Debug|Any CPU
		{7CCD2061-BC98-4994-B306-B89C6C87DC59}.Debug|Any CPU.Build.0 = Debug|Any CPU
		{7CCD2061-BC98-4994-B306-B89C6C87DC59}.Debug|x64.ActiveCfg = Debug|Any CPU
		{7CCD2061-BC98-4994-B306-B89C6C87DC59}.Debug|x64.Build.0 = Debug|Any CPU
		{7CCD2061-BC98-4994-B306-B89C6C87DC59}.Debug|x86.ActiveCfg = Debug|Any CPU
		{7CCD2061-BC98-4994-B306-B89C6C87DC59}.Debug|x86.Build.0 = Debug|Any CPU
		{7CCD2061-BC98-4994-B306-B89C6C87DC59}.Release|Any CPU.ActiveCfg = Release|Any CPU
		{7CCD2061-BC98-4994-B306-B89C6C87DC59}.Release|Any CPU.Build.0 = Release|Any CPU
		{7CCD2061-BC98-4994-B306-B89C6C87DC59}.Release|x64.ActiveCfg = Release|Any CPU
		{7CCD2061-BC98-4994-B306-B89C6C87DC59}.Release|x64.Build.0 = Release|Any CPU
		{7CCD2061-BC98-4994-B306-B89C6C87DC59}.Release|x86.ActiveCfg = Release|Any CPU
		{7CCD2061-BC98-4994-B306-B89C6C87DC59}.Release|x86.Build.0 = Release|Any CPU
		{21B72156-96B8-43B9-901F-E2A0E45044CF}.Debug|Any CPU.ActiveCfg = Debug|Any CPU
		{21B72156-96B8-43B9-901F-E2A0E45044CF}.Debug|Any CPU.Build.0 = Debug|Any CPU
		{21B72156-96B8-43B9-901F-E2A0E45044CF}.Debug|x64.ActiveCfg = Debug|Any CPU
		{21B72156-96B8-43B9-901F-E2A0E45044CF}.Debug|x64.Build.0 = Debug|Any CPU
		{21B72156-96B8-43B9-901F-E2A0E45044CF}.Debug|x86.ActiveCfg = Debug|Any CPU
		{21B72156-96B8-43B9-901F-E2A0E45044CF}.Debug|x86.Build.0 = Debug|Any CPU
		{21B72156-96B8-43B9-901F-E2A0E45044CF}.Release|Any CPU.ActiveCfg = Release|Any CPU
		{21B72156-96B8-43B9-901F-E2A0E45044CF}.Release|Any CPU.Build.0 = Release|Any CPU
		{21B72156-96B8-43B9-901F-E2A0E45044CF}.Release|x64.ActiveCfg = Release|Any CPU
		{21B72156-96B8-43B9-901F-E2A0E45044CF}.Release|x64.Build.0 = Release|Any CPU
		{21B72156-96B8-43B9-901F-E2A0E45044CF}.Release|x86.ActiveCfg = Release|Any CPU
		{21B72156-96B8-43B9-901F-E2A0E45044CF}.Release|x86.Build.0 = Release|Any CPU
		{CF304CA8-AD2C-43BE-AD71-B9128464C1C4}.Debug|Any CPU.ActiveCfg = Debug|Any CPU
		{CF304CA8-AD2C-43BE-AD71-B9128464C1C4}.Debug|Any CPU.Build.0 = Debug|Any CPU
		{CF304CA8-AD2C-43BE-AD71-B9128464C1C4}.Debug|x64.ActiveCfg = Debug|Any CPU
		{CF304CA8-AD2C-43BE-AD71-B9128464C1C4}.Debug|x64.Build.0 = Debug|Any CPU
		{CF304CA8-AD2C-43BE-AD71-B9128464C1C4}.Debug|x86.ActiveCfg = Debug|Any CPU
		{CF304CA8-AD2C-43BE-AD71-B9128464C1C4}.Debug|x86.Build.0 = Debug|Any CPU
		{CF304CA8-AD2C-43BE-AD71-B9128464C1C4}.Release|Any CPU.ActiveCfg = Release|Any CPU
		{CF304CA8-AD2C-43BE-AD71-B9128464C1C4}.Release|Any CPU.Build.0 = Release|Any CPU
		{CF304CA8-AD2C-43BE-AD71-B9128464C1C4}.Release|x64.ActiveCfg = Release|Any CPU
		{CF304CA8-AD2C-43BE-AD71-B9128464C1C4}.Release|x64.Build.0 = Release|Any CPU
		{CF304CA8-AD2C-43BE-AD71-B9128464C1C4}.Release|x86.ActiveCfg = Release|Any CPU
		{CF304CA8-AD2C-43BE-AD71-B9128464C1C4}.Release|x86.Build.0 = Release|Any CPU
		{A13162AE-2A9A-4E9F-9F92-97F0AB3BE91A}.Debug|Any CPU.ActiveCfg = Debug|Any CPU
		{A13162AE-2A9A-4E9F-9F92-97F0AB3BE91A}.Debug|Any CPU.Build.0 = Debug|Any CPU
		{A13162AE-2A9A-4E9F-9F92-97F0AB3BE91A}.Debug|x64.ActiveCfg = Debug|Any CPU
		{A13162AE-2A9A-4E9F-9F92-97F0AB3BE91A}.Debug|x64.Build.0 = Debug|Any CPU
		{A13162AE-2A9A-4E9F-9F92-97F0AB3BE91A}.Debug|x86.ActiveCfg = Debug|Any CPU
		{A13162AE-2A9A-4E9F-9F92-97F0AB3BE91A}.Debug|x86.Build.0 = Debug|Any CPU
		{A13162AE-2A9A-4E9F-9F92-97F0AB3BE91A}.Release|Any CPU.ActiveCfg = Release|Any CPU
		{A13162AE-2A9A-4E9F-9F92-97F0AB3BE91A}.Release|Any CPU.Build.0 = Release|Any CPU
		{A13162AE-2A9A-4E9F-9F92-97F0AB3BE91A}.Release|x64.ActiveCfg = Release|Any CPU
		{A13162AE-2A9A-4E9F-9F92-97F0AB3BE91A}.Release|x64.Build.0 = Release|Any CPU
		{A13162AE-2A9A-4E9F-9F92-97F0AB3BE91A}.Release|x86.ActiveCfg = Release|Any CPU
		{A13162AE-2A9A-4E9F-9F92-97F0AB3BE91A}.Release|x86.Build.0 = Release|Any CPU
		{E6C7A156-5BAC-4F7D-AF38-5224E1FEA43B}.Debug|Any CPU.ActiveCfg = Debug|Any CPU
		{E6C7A156-5BAC-4F7D-AF38-5224E1FEA43B}.Debug|Any CPU.Build.0 = Debug|Any CPU
		{E6C7A156-5BAC-4F7D-AF38-5224E1FEA43B}.Debug|x64.ActiveCfg = Debug|Any CPU
		{E6C7A156-5BAC-4F7D-AF38-5224E1FEA43B}.Debug|x64.Build.0 = Debug|Any CPU
		{E6C7A156-5BAC-4F7D-AF38-5224E1FEA43B}.Debug|x86.ActiveCfg = Debug|Any CPU
		{E6C7A156-5BAC-4F7D-AF38-5224E1FEA43B}.Debug|x86.Build.0 = Debug|Any CPU
		{E6C7A156-5BAC-4F7D-AF38-5224E1FEA43B}.Release|Any CPU.ActiveCfg = Release|Any CPU
		{E6C7A156-5BAC-4F7D-AF38-5224E1FEA43B}.Release|Any CPU.Build.0 = Release|Any CPU
		{E6C7A156-5BAC-4F7D-AF38-5224E1FEA43B}.Release|x64.ActiveCfg = Release|Any CPU
		{E6C7A156-5BAC-4F7D-AF38-5224E1FEA43B}.Release|x64.Build.0 = Release|Any CPU
		{E6C7A156-5BAC-4F7D-AF38-5224E1FEA43B}.Release|x86.ActiveCfg = Release|Any CPU
		{E6C7A156-5BAC-4F7D-AF38-5224E1FEA43B}.Release|x86.Build.0 = Release|Any CPU
		{5C754325-C9B2-4F2B-8281-911288BDA423}.Debug|Any CPU.ActiveCfg = Debug|Any CPU
		{5C754325-C9B2-4F2B-8281-911288BDA423}.Debug|Any CPU.Build.0 = Debug|Any CPU
		{5C754325-C9B2-4F2B-8281-911288BDA423}.Debug|x64.ActiveCfg = Debug|Any CPU
		{5C754325-C9B2-4F2B-8281-911288BDA423}.Debug|x64.Build.0 = Debug|Any CPU
		{5C754325-C9B2-4F2B-8281-911288BDA423}.Debug|x86.ActiveCfg = Debug|Any CPU
		{5C754325-C9B2-4F2B-8281-911288BDA423}.Debug|x86.Build.0 = Debug|Any CPU
		{5C754325-C9B2-4F2B-8281-911288BDA423}.Release|Any CPU.ActiveCfg = Release|Any CPU
		{5C754325-C9B2-4F2B-8281-911288BDA423}.Release|Any CPU.Build.0 = Release|Any CPU
		{5C754325-C9B2-4F2B-8281-911288BDA423}.Release|x64.ActiveCfg = Release|Any CPU
		{5C754325-C9B2-4F2B-8281-911288BDA423}.Release|x64.Build.0 = Release|Any CPU
		{5C754325-C9B2-4F2B-8281-911288BDA423}.Release|x86.ActiveCfg = Release|Any CPU
		{5C754325-C9B2-4F2B-8281-911288BDA423}.Release|x86.Build.0 = Release|Any CPU
		{46BBFAB7-63CE-4D75-A702-D9B6993AB0AB}.Debug|Any CPU.ActiveCfg = Debug|Any CPU
		{46BBFAB7-63CE-4D75-A702-D9B6993AB0AB}.Debug|Any CPU.Build.0 = Debug|Any CPU
		{46BBFAB7-63CE-4D75-A702-D9B6993AB0AB}.Debug|x64.ActiveCfg = Debug|Any CPU
		{46BBFAB7-63CE-4D75-A702-D9B6993AB0AB}.Debug|x64.Build.0 = Debug|Any CPU
		{46BBFAB7-63CE-4D75-A702-D9B6993AB0AB}.Debug|x86.ActiveCfg = Debug|Any CPU
		{46BBFAB7-63CE-4D75-A702-D9B6993AB0AB}.Debug|x86.Build.0 = Debug|Any CPU
		{46BBFAB7-63CE-4D75-A702-D9B6993AB0AB}.Release|Any CPU.ActiveCfg = Release|Any CPU
		{46BBFAB7-63CE-4D75-A702-D9B6993AB0AB}.Release|Any CPU.Build.0 = Release|Any CPU
		{46BBFAB7-63CE-4D75-A702-D9B6993AB0AB}.Release|x64.ActiveCfg = Release|Any CPU
		{46BBFAB7-63CE-4D75-A702-D9B6993AB0AB}.Release|x64.Build.0 = Release|Any CPU
		{46BBFAB7-63CE-4D75-A702-D9B6993AB0AB}.Release|x86.ActiveCfg = Release|Any CPU
		{46BBFAB7-63CE-4D75-A702-D9B6993AB0AB}.Release|x86.Build.0 = Release|Any CPU
		{CA513033-6E03-4AE1-89FD-BB71729C83FB}.Debug|Any CPU.ActiveCfg = Debug|Any CPU
		{CA513033-6E03-4AE1-89FD-BB71729C83FB}.Debug|Any CPU.Build.0 = Debug|Any CPU
		{CA513033-6E03-4AE1-89FD-BB71729C83FB}.Debug|x64.ActiveCfg = Debug|Any CPU
		{CA513033-6E03-4AE1-89FD-BB71729C83FB}.Debug|x64.Build.0 = Debug|Any CPU
		{CA513033-6E03-4AE1-89FD-BB71729C83FB}.Debug|x86.ActiveCfg = Debug|Any CPU
		{CA513033-6E03-4AE1-89FD-BB71729C83FB}.Debug|x86.Build.0 = Debug|Any CPU
		{CA513033-6E03-4AE1-89FD-BB71729C83FB}.Release|Any CPU.ActiveCfg = Release|Any CPU
		{CA513033-6E03-4AE1-89FD-BB71729C83FB}.Release|Any CPU.Build.0 = Release|Any CPU
		{CA513033-6E03-4AE1-89FD-BB71729C83FB}.Release|x64.ActiveCfg = Release|Any CPU
		{CA513033-6E03-4AE1-89FD-BB71729C83FB}.Release|x64.Build.0 = Release|Any CPU
		{CA513033-6E03-4AE1-89FD-BB71729C83FB}.Release|x86.ActiveCfg = Release|Any CPU
		{CA513033-6E03-4AE1-89FD-BB71729C83FB}.Release|x86.Build.0 = Release|Any CPU
		{C7C79DDD-F41B-4D7A-A301-48C7C8367CF4}.Debug|Any CPU.ActiveCfg = Debug|Any CPU
		{C7C79DDD-F41B-4D7A-A301-48C7C8367CF4}.Debug|Any CPU.Build.0 = Debug|Any CPU
		{C7C79DDD-F41B-4D7A-A301-48C7C8367CF4}.Debug|x64.ActiveCfg = Debug|Any CPU
		{C7C79DDD-F41B-4D7A-A301-48C7C8367CF4}.Debug|x64.Build.0 = Debug|Any CPU
		{C7C79DDD-F41B-4D7A-A301-48C7C8367CF4}.Debug|x86.ActiveCfg = Debug|Any CPU
		{C7C79DDD-F41B-4D7A-A301-48C7C8367CF4}.Debug|x86.Build.0 = Debug|Any CPU
		{C7C79DDD-F41B-4D7A-A301-48C7C8367CF4}.Release|Any CPU.ActiveCfg = Release|Any CPU
		{C7C79DDD-F41B-4D7A-A301-48C7C8367CF4}.Release|Any CPU.Build.0 = Release|Any CPU
		{C7C79DDD-F41B-4D7A-A301-48C7C8367CF4}.Release|x64.ActiveCfg = Release|Any CPU
		{C7C79DDD-F41B-4D7A-A301-48C7C8367CF4}.Release|x64.Build.0 = Release|Any CPU
		{C7C79DDD-F41B-4D7A-A301-48C7C8367CF4}.Release|x86.ActiveCfg = Release|Any CPU
		{C7C79DDD-F41B-4D7A-A301-48C7C8367CF4}.Release|x86.Build.0 = Release|Any CPU
		{3B84D44C-3F03-49E2-BFA9-0C558B308C22}.Debug|Any CPU.ActiveCfg = Debug|Any CPU
		{3B84D44C-3F03-49E2-BFA9-0C558B308C22}.Debug|Any CPU.Build.0 = Debug|Any CPU
		{3B84D44C-3F03-49E2-BFA9-0C558B308C22}.Debug|x64.ActiveCfg = Debug|Any CPU
		{3B84D44C-3F03-49E2-BFA9-0C558B308C22}.Debug|x64.Build.0 = Debug|Any CPU
		{3B84D44C-3F03-49E2-BFA9-0C558B308C22}.Debug|x86.ActiveCfg = Debug|Any CPU
		{3B84D44C-3F03-49E2-BFA9-0C558B308C22}.Debug|x86.Build.0 = Debug|Any CPU
		{3B84D44C-3F03-49E2-BFA9-0C558B308C22}.Release|Any CPU.ActiveCfg = Release|Any CPU
		{3B84D44C-3F03-49E2-BFA9-0C558B308C22}.Release|Any CPU.Build.0 = Release|Any CPU
		{3B84D44C-3F03-49E2-BFA9-0C558B308C22}.Release|x64.ActiveCfg = Release|Any CPU
		{3B84D44C-3F03-49E2-BFA9-0C558B308C22}.Release|x64.Build.0 = Release|Any CPU
		{3B84D44C-3F03-49E2-BFA9-0C558B308C22}.Release|x86.ActiveCfg = Release|Any CPU
		{3B84D44C-3F03-49E2-BFA9-0C558B308C22}.Release|x86.Build.0 = Release|Any CPU
		{72C82B40-8548-4022-9CBD-5E4813397B28}.Debug|Any CPU.ActiveCfg = Debug|Any CPU
		{72C82B40-8548-4022-9CBD-5E4813397B28}.Debug|Any CPU.Build.0 = Debug|Any CPU
		{72C82B40-8548-4022-9CBD-5E4813397B28}.Debug|x64.ActiveCfg = Debug|Any CPU
		{72C82B40-8548-4022-9CBD-5E4813397B28}.Debug|x64.Build.0 = Debug|Any CPU
		{72C82B40-8548-4022-9CBD-5E4813397B28}.Debug|x86.ActiveCfg = Debug|Any CPU
		{72C82B40-8548-4022-9CBD-5E4813397B28}.Debug|x86.Build.0 = Debug|Any CPU
		{72C82B40-8548-4022-9CBD-5E4813397B28}.Release|Any CPU.ActiveCfg = Release|Any CPU
		{72C82B40-8548-4022-9CBD-5E4813397B28}.Release|Any CPU.Build.0 = Release|Any CPU
		{72C82B40-8548-4022-9CBD-5E4813397B28}.Release|x64.ActiveCfg = Release|Any CPU
		{72C82B40-8548-4022-9CBD-5E4813397B28}.Release|x64.Build.0 = Release|Any CPU
		{72C82B40-8548-4022-9CBD-5E4813397B28}.Release|x86.ActiveCfg = Release|Any CPU
		{72C82B40-8548-4022-9CBD-5E4813397B28}.Release|x86.Build.0 = Release|Any CPU
		{BBC52D02-880E-4FA4-8BAB-C24B3E251659}.Debug|Any CPU.ActiveCfg = Debug|Any CPU
		{BBC52D02-880E-4FA4-8BAB-C24B3E251659}.Debug|Any CPU.Build.0 = Debug|Any CPU
		{BBC52D02-880E-4FA4-8BAB-C24B3E251659}.Debug|x64.ActiveCfg = Debug|Any CPU
		{BBC52D02-880E-4FA4-8BAB-C24B3E251659}.Debug|x64.Build.0 = Debug|Any CPU
		{BBC52D02-880E-4FA4-8BAB-C24B3E251659}.Debug|x86.ActiveCfg = Debug|Any CPU
		{BBC52D02-880E-4FA4-8BAB-C24B3E251659}.Debug|x86.Build.0 = Debug|Any CPU
		{BBC52D02-880E-4FA4-8BAB-C24B3E251659}.Release|Any CPU.ActiveCfg = Release|Any CPU
		{BBC52D02-880E-4FA4-8BAB-C24B3E251659}.Release|Any CPU.Build.0 = Release|Any CPU
		{BBC52D02-880E-4FA4-8BAB-C24B3E251659}.Release|x64.ActiveCfg = Release|Any CPU
		{BBC52D02-880E-4FA4-8BAB-C24B3E251659}.Release|x64.Build.0 = Release|Any CPU
		{BBC52D02-880E-4FA4-8BAB-C24B3E251659}.Release|x86.ActiveCfg = Release|Any CPU
		{BBC52D02-880E-4FA4-8BAB-C24B3E251659}.Release|x86.Build.0 = Release|Any CPU
		{108B8DFE-7688-4259-B2DB-E0F4EFAB05C8}.Debug|Any CPU.ActiveCfg = Debug|Any CPU
		{108B8DFE-7688-4259-B2DB-E0F4EFAB05C8}.Debug|Any CPU.Build.0 = Debug|Any CPU
		{108B8DFE-7688-4259-B2DB-E0F4EFAB05C8}.Debug|x64.ActiveCfg = Debug|Any CPU
		{108B8DFE-7688-4259-B2DB-E0F4EFAB05C8}.Debug|x64.Build.0 = Debug|Any CPU
		{108B8DFE-7688-4259-B2DB-E0F4EFAB05C8}.Debug|x86.ActiveCfg = Debug|Any CPU
		{108B8DFE-7688-4259-B2DB-E0F4EFAB05C8}.Debug|x86.Build.0 = Debug|Any CPU
		{108B8DFE-7688-4259-B2DB-E0F4EFAB05C8}.Release|Any CPU.ActiveCfg = Release|Any CPU
		{108B8DFE-7688-4259-B2DB-E0F4EFAB05C8}.Release|Any CPU.Build.0 = Release|Any CPU
		{108B8DFE-7688-4259-B2DB-E0F4EFAB05C8}.Release|x64.ActiveCfg = Release|Any CPU
		{108B8DFE-7688-4259-B2DB-E0F4EFAB05C8}.Release|x64.Build.0 = Release|Any CPU
		{108B8DFE-7688-4259-B2DB-E0F4EFAB05C8}.Release|x86.ActiveCfg = Release|Any CPU
		{108B8DFE-7688-4259-B2DB-E0F4EFAB05C8}.Release|x86.Build.0 = Release|Any CPU
		{D15C77F2-1F26-4210-A5BE-8BF7C2DE7FED}.Debug|Any CPU.ActiveCfg = Debug|Any CPU
		{D15C77F2-1F26-4210-A5BE-8BF7C2DE7FED}.Debug|Any CPU.Build.0 = Debug|Any CPU
		{D15C77F2-1F26-4210-A5BE-8BF7C2DE7FED}.Debug|x64.ActiveCfg = Debug|Any CPU
		{D15C77F2-1F26-4210-A5BE-8BF7C2DE7FED}.Debug|x64.Build.0 = Debug|Any CPU
		{D15C77F2-1F26-4210-A5BE-8BF7C2DE7FED}.Debug|x86.ActiveCfg = Debug|Any CPU
		{D15C77F2-1F26-4210-A5BE-8BF7C2DE7FED}.Debug|x86.Build.0 = Debug|Any CPU
		{D15C77F2-1F26-4210-A5BE-8BF7C2DE7FED}.Release|Any CPU.ActiveCfg = Release|Any CPU
		{D15C77F2-1F26-4210-A5BE-8BF7C2DE7FED}.Release|Any CPU.Build.0 = Release|Any CPU
		{D15C77F2-1F26-4210-A5BE-8BF7C2DE7FED}.Release|x64.ActiveCfg = Release|Any CPU
		{D15C77F2-1F26-4210-A5BE-8BF7C2DE7FED}.Release|x64.Build.0 = Release|Any CPU
		{D15C77F2-1F26-4210-A5BE-8BF7C2DE7FED}.Release|x86.ActiveCfg = Release|Any CPU
		{D15C77F2-1F26-4210-A5BE-8BF7C2DE7FED}.Release|x86.Build.0 = Release|Any CPU
		{3D28D9F5-19A7-4C67-B6DB-F3CED8914E41}.Debug|Any CPU.ActiveCfg = Debug|Any CPU
		{3D28D9F5-19A7-4C67-B6DB-F3CED8914E41}.Debug|Any CPU.Build.0 = Debug|Any CPU
		{3D28D9F5-19A7-4C67-B6DB-F3CED8914E41}.Debug|x64.ActiveCfg = Debug|Any CPU
		{3D28D9F5-19A7-4C67-B6DB-F3CED8914E41}.Debug|x64.Build.0 = Debug|Any CPU
		{3D28D9F5-19A7-4C67-B6DB-F3CED8914E41}.Debug|x86.ActiveCfg = Debug|Any CPU
		{3D28D9F5-19A7-4C67-B6DB-F3CED8914E41}.Debug|x86.Build.0 = Debug|Any CPU
		{3D28D9F5-19A7-4C67-B6DB-F3CED8914E41}.Release|Any CPU.ActiveCfg = Release|Any CPU
		{3D28D9F5-19A7-4C67-B6DB-F3CED8914E41}.Release|Any CPU.Build.0 = Release|Any CPU
		{3D28D9F5-19A7-4C67-B6DB-F3CED8914E41}.Release|x64.ActiveCfg = Release|Any CPU
		{3D28D9F5-19A7-4C67-B6DB-F3CED8914E41}.Release|x64.Build.0 = Release|Any CPU
		{3D28D9F5-19A7-4C67-B6DB-F3CED8914E41}.Release|x86.ActiveCfg = Release|Any CPU
		{3D28D9F5-19A7-4C67-B6DB-F3CED8914E41}.Release|x86.Build.0 = Release|Any CPU
		{0CF40B7D-B104-4E5C-B6E4-F302B29453F7}.Debug|Any CPU.ActiveCfg = Debug|Any CPU
		{0CF40B7D-B104-4E5C-B6E4-F302B29453F7}.Debug|Any CPU.Build.0 = Debug|Any CPU
		{0CF40B7D-B104-4E5C-B6E4-F302B29453F7}.Debug|x64.ActiveCfg = Debug|Any CPU
		{0CF40B7D-B104-4E5C-B6E4-F302B29453F7}.Debug|x64.Build.0 = Debug|Any CPU
		{0CF40B7D-B104-4E5C-B6E4-F302B29453F7}.Debug|x86.ActiveCfg = Debug|Any CPU
		{0CF40B7D-B104-4E5C-B6E4-F302B29453F7}.Debug|x86.Build.0 = Debug|Any CPU
		{0CF40B7D-B104-4E5C-B6E4-F302B29453F7}.Release|Any CPU.ActiveCfg = Release|Any CPU
		{0CF40B7D-B104-4E5C-B6E4-F302B29453F7}.Release|Any CPU.Build.0 = Release|Any CPU
		{0CF40B7D-B104-4E5C-B6E4-F302B29453F7}.Release|x64.ActiveCfg = Release|Any CPU
		{0CF40B7D-B104-4E5C-B6E4-F302B29453F7}.Release|x64.Build.0 = Release|Any CPU
		{0CF40B7D-B104-4E5C-B6E4-F302B29453F7}.Release|x86.ActiveCfg = Release|Any CPU
		{0CF40B7D-B104-4E5C-B6E4-F302B29453F7}.Release|x86.Build.0 = Release|Any CPU
		{EE151130-8D91-4C9E-9B95-39D9C208DA32}.Debug|Any CPU.ActiveCfg = Debug|Any CPU
		{EE151130-8D91-4C9E-9B95-39D9C208DA32}.Debug|Any CPU.Build.0 = Debug|Any CPU
		{EE151130-8D91-4C9E-9B95-39D9C208DA32}.Debug|x64.ActiveCfg = Debug|Any CPU
		{EE151130-8D91-4C9E-9B95-39D9C208DA32}.Debug|x64.Build.0 = Debug|Any CPU
		{EE151130-8D91-4C9E-9B95-39D9C208DA32}.Debug|x86.ActiveCfg = Debug|Any CPU
		{EE151130-8D91-4C9E-9B95-39D9C208DA32}.Debug|x86.Build.0 = Debug|Any CPU
		{EE151130-8D91-4C9E-9B95-39D9C208DA32}.Release|Any CPU.ActiveCfg = Release|Any CPU
		{EE151130-8D91-4C9E-9B95-39D9C208DA32}.Release|Any CPU.Build.0 = Release|Any CPU
		{EE151130-8D91-4C9E-9B95-39D9C208DA32}.Release|x64.ActiveCfg = Release|Any CPU
		{EE151130-8D91-4C9E-9B95-39D9C208DA32}.Release|x64.Build.0 = Release|Any CPU
		{EE151130-8D91-4C9E-9B95-39D9C208DA32}.Release|x86.ActiveCfg = Release|Any CPU
		{EE151130-8D91-4C9E-9B95-39D9C208DA32}.Release|x86.Build.0 = Release|Any CPU
		{FF562BD2-31CA-484A-929B-37F64F6D117C}.Debug|Any CPU.ActiveCfg = Debug|Any CPU
		{FF562BD2-31CA-484A-929B-37F64F6D117C}.Debug|Any CPU.Build.0 = Debug|Any CPU
		{FF562BD2-31CA-484A-929B-37F64F6D117C}.Debug|x64.ActiveCfg = Debug|Any CPU
		{FF562BD2-31CA-484A-929B-37F64F6D117C}.Debug|x64.Build.0 = Debug|Any CPU
		{FF562BD2-31CA-484A-929B-37F64F6D117C}.Debug|x86.ActiveCfg = Debug|Any CPU
		{FF562BD2-31CA-484A-929B-37F64F6D117C}.Debug|x86.Build.0 = Debug|Any CPU
		{FF562BD2-31CA-484A-929B-37F64F6D117C}.Release|Any CPU.ActiveCfg = Release|Any CPU
		{FF562BD2-31CA-484A-929B-37F64F6D117C}.Release|Any CPU.Build.0 = Release|Any CPU
		{FF562BD2-31CA-484A-929B-37F64F6D117C}.Release|x64.ActiveCfg = Release|Any CPU
		{FF562BD2-31CA-484A-929B-37F64F6D117C}.Release|x64.Build.0 = Release|Any CPU
		{FF562BD2-31CA-484A-929B-37F64F6D117C}.Release|x86.ActiveCfg = Release|Any CPU
		{FF562BD2-31CA-484A-929B-37F64F6D117C}.Release|x86.Build.0 = Release|Any CPU
		{58442ABB-832D-4017-92E7-FDA8EA042B74}.Debug|Any CPU.ActiveCfg = Debug|Any CPU
		{58442ABB-832D-4017-92E7-FDA8EA042B74}.Debug|Any CPU.Build.0 = Debug|Any CPU
		{58442ABB-832D-4017-92E7-FDA8EA042B74}.Debug|x64.ActiveCfg = Debug|Any CPU
		{58442ABB-832D-4017-92E7-FDA8EA042B74}.Debug|x64.Build.0 = Debug|Any CPU
		{58442ABB-832D-4017-92E7-FDA8EA042B74}.Debug|x86.ActiveCfg = Debug|Any CPU
		{58442ABB-832D-4017-92E7-FDA8EA042B74}.Debug|x86.Build.0 = Debug|Any CPU
		{58442ABB-832D-4017-92E7-FDA8EA042B74}.Release|Any CPU.ActiveCfg = Release|Any CPU
		{58442ABB-832D-4017-92E7-FDA8EA042B74}.Release|Any CPU.Build.0 = Release|Any CPU
		{58442ABB-832D-4017-92E7-FDA8EA042B74}.Release|x64.ActiveCfg = Release|Any CPU
		{58442ABB-832D-4017-92E7-FDA8EA042B74}.Release|x64.Build.0 = Release|Any CPU
		{58442ABB-832D-4017-92E7-FDA8EA042B74}.Release|x86.ActiveCfg = Release|Any CPU
		{58442ABB-832D-4017-92E7-FDA8EA042B74}.Release|x86.Build.0 = Release|Any CPU
		{9CA2E363-E4C2-4D1F-ACE6-D5F6587DEC89}.Debug|Any CPU.ActiveCfg = Debug|Any CPU
		{9CA2E363-E4C2-4D1F-ACE6-D5F6587DEC89}.Debug|Any CPU.Build.0 = Debug|Any CPU
		{9CA2E363-E4C2-4D1F-ACE6-D5F6587DEC89}.Debug|x64.ActiveCfg = Debug|Any CPU
		{9CA2E363-E4C2-4D1F-ACE6-D5F6587DEC89}.Debug|x64.Build.0 = Debug|Any CPU
		{9CA2E363-E4C2-4D1F-ACE6-D5F6587DEC89}.Debug|x86.ActiveCfg = Debug|Any CPU
		{9CA2E363-E4C2-4D1F-ACE6-D5F6587DEC89}.Debug|x86.Build.0 = Debug|Any CPU
		{9CA2E363-E4C2-4D1F-ACE6-D5F6587DEC89}.Release|Any CPU.ActiveCfg = Release|Any CPU
		{9CA2E363-E4C2-4D1F-ACE6-D5F6587DEC89}.Release|Any CPU.Build.0 = Release|Any CPU
		{9CA2E363-E4C2-4D1F-ACE6-D5F6587DEC89}.Release|x64.ActiveCfg = Release|Any CPU
		{9CA2E363-E4C2-4D1F-ACE6-D5F6587DEC89}.Release|x64.Build.0 = Release|Any CPU
		{9CA2E363-E4C2-4D1F-ACE6-D5F6587DEC89}.Release|x86.ActiveCfg = Release|Any CPU
		{9CA2E363-E4C2-4D1F-ACE6-D5F6587DEC89}.Release|x86.Build.0 = Release|Any CPU
		{0E5FADA7-8962-434B-A732-2BC3B897A80A}.Debug|Any CPU.ActiveCfg = Debug|Any CPU
		{0E5FADA7-8962-434B-A732-2BC3B897A80A}.Debug|Any CPU.Build.0 = Debug|Any CPU
		{0E5FADA7-8962-434B-A732-2BC3B897A80A}.Debug|x64.ActiveCfg = Debug|Any CPU
		{0E5FADA7-8962-434B-A732-2BC3B897A80A}.Debug|x64.Build.0 = Debug|Any CPU
		{0E5FADA7-8962-434B-A732-2BC3B897A80A}.Debug|x86.ActiveCfg = Debug|Any CPU
		{0E5FADA7-8962-434B-A732-2BC3B897A80A}.Debug|x86.Build.0 = Debug|Any CPU
		{0E5FADA7-8962-434B-A732-2BC3B897A80A}.Release|Any CPU.ActiveCfg = Release|Any CPU
		{0E5FADA7-8962-434B-A732-2BC3B897A80A}.Release|Any CPU.Build.0 = Release|Any CPU
		{0E5FADA7-8962-434B-A732-2BC3B897A80A}.Release|x64.ActiveCfg = Release|Any CPU
		{0E5FADA7-8962-434B-A732-2BC3B897A80A}.Release|x64.Build.0 = Release|Any CPU
		{0E5FADA7-8962-434B-A732-2BC3B897A80A}.Release|x86.ActiveCfg = Release|Any CPU
		{0E5FADA7-8962-434B-A732-2BC3B897A80A}.Release|x86.Build.0 = Release|Any CPU
		{C4622821-EE64-45F0-9149-182B888B6C8E}.Debug|Any CPU.ActiveCfg = Debug|Any CPU
		{C4622821-EE64-45F0-9149-182B888B6C8E}.Debug|Any CPU.Build.0 = Debug|Any CPU
		{C4622821-EE64-45F0-9149-182B888B6C8E}.Debug|x64.ActiveCfg = Debug|Any CPU
		{C4622821-EE64-45F0-9149-182B888B6C8E}.Debug|x64.Build.0 = Debug|Any CPU
		{C4622821-EE64-45F0-9149-182B888B6C8E}.Debug|x86.ActiveCfg = Debug|Any CPU
		{C4622821-EE64-45F0-9149-182B888B6C8E}.Debug|x86.Build.0 = Debug|Any CPU
		{C4622821-EE64-45F0-9149-182B888B6C8E}.Release|Any CPU.ActiveCfg = Release|Any CPU
		{C4622821-EE64-45F0-9149-182B888B6C8E}.Release|Any CPU.Build.0 = Release|Any CPU
		{C4622821-EE64-45F0-9149-182B888B6C8E}.Release|x64.ActiveCfg = Release|Any CPU
		{C4622821-EE64-45F0-9149-182B888B6C8E}.Release|x64.Build.0 = Release|Any CPU
		{C4622821-EE64-45F0-9149-182B888B6C8E}.Release|x86.ActiveCfg = Release|Any CPU
		{C4622821-EE64-45F0-9149-182B888B6C8E}.Release|x86.Build.0 = Release|Any CPU
		{8661E186-80C7-4609-B7B0-09AE12E75D5B}.Debug|Any CPU.ActiveCfg = Debug|Any CPU
		{8661E186-80C7-4609-B7B0-09AE12E75D5B}.Debug|Any CPU.Build.0 = Debug|Any CPU
		{8661E186-80C7-4609-B7B0-09AE12E75D5B}.Debug|x64.ActiveCfg = Debug|Any CPU
		{8661E186-80C7-4609-B7B0-09AE12E75D5B}.Debug|x64.Build.0 = Debug|Any CPU
		{8661E186-80C7-4609-B7B0-09AE12E75D5B}.Debug|x86.ActiveCfg = Debug|Any CPU
		{8661E186-80C7-4609-B7B0-09AE12E75D5B}.Debug|x86.Build.0 = Debug|Any CPU
		{8661E186-80C7-4609-B7B0-09AE12E75D5B}.Release|Any CPU.ActiveCfg = Release|Any CPU
		{8661E186-80C7-4609-B7B0-09AE12E75D5B}.Release|Any CPU.Build.0 = Release|Any CPU
		{8661E186-80C7-4609-B7B0-09AE12E75D5B}.Release|x64.ActiveCfg = Release|Any CPU
		{8661E186-80C7-4609-B7B0-09AE12E75D5B}.Release|x64.Build.0 = Release|Any CPU
		{8661E186-80C7-4609-B7B0-09AE12E75D5B}.Release|x86.ActiveCfg = Release|Any CPU
		{8661E186-80C7-4609-B7B0-09AE12E75D5B}.Release|x86.Build.0 = Release|Any CPU
		{1B55078C-4A6F-463D-BFF0-698AB27405B5}.Debug|Any CPU.ActiveCfg = Debug|Any CPU
		{1B55078C-4A6F-463D-BFF0-698AB27405B5}.Debug|Any CPU.Build.0 = Debug|Any CPU
		{1B55078C-4A6F-463D-BFF0-698AB27405B5}.Debug|x64.ActiveCfg = Debug|Any CPU
		{1B55078C-4A6F-463D-BFF0-698AB27405B5}.Debug|x64.Build.0 = Debug|Any CPU
		{1B55078C-4A6F-463D-BFF0-698AB27405B5}.Debug|x86.ActiveCfg = Debug|Any CPU
		{1B55078C-4A6F-463D-BFF0-698AB27405B5}.Debug|x86.Build.0 = Debug|Any CPU
		{1B55078C-4A6F-463D-BFF0-698AB27405B5}.Release|Any CPU.ActiveCfg = Release|Any CPU
		{1B55078C-4A6F-463D-BFF0-698AB27405B5}.Release|Any CPU.Build.0 = Release|Any CPU
		{1B55078C-4A6F-463D-BFF0-698AB27405B5}.Release|x64.ActiveCfg = Release|Any CPU
		{1B55078C-4A6F-463D-BFF0-698AB27405B5}.Release|x64.Build.0 = Release|Any CPU
		{1B55078C-4A6F-463D-BFF0-698AB27405B5}.Release|x86.ActiveCfg = Release|Any CPU
		{1B55078C-4A6F-463D-BFF0-698AB27405B5}.Release|x86.Build.0 = Release|Any CPU
		{4389E313-9816-497C-B0EF-4486DB9227E9}.Debug|Any CPU.ActiveCfg = Debug|Any CPU
		{4389E313-9816-497C-B0EF-4486DB9227E9}.Debug|Any CPU.Build.0 = Debug|Any CPU
		{4389E313-9816-497C-B0EF-4486DB9227E9}.Debug|x64.ActiveCfg = Debug|Any CPU
		{4389E313-9816-497C-B0EF-4486DB9227E9}.Debug|x64.Build.0 = Debug|Any CPU
		{4389E313-9816-497C-B0EF-4486DB9227E9}.Debug|x86.ActiveCfg = Debug|Any CPU
		{4389E313-9816-497C-B0EF-4486DB9227E9}.Debug|x86.Build.0 = Debug|Any CPU
		{4389E313-9816-497C-B0EF-4486DB9227E9}.Release|Any CPU.ActiveCfg = Release|Any CPU
		{4389E313-9816-497C-B0EF-4486DB9227E9}.Release|Any CPU.Build.0 = Release|Any CPU
		{4389E313-9816-497C-B0EF-4486DB9227E9}.Release|x64.ActiveCfg = Release|Any CPU
		{4389E313-9816-497C-B0EF-4486DB9227E9}.Release|x64.Build.0 = Release|Any CPU
		{4389E313-9816-497C-B0EF-4486DB9227E9}.Release|x86.ActiveCfg = Release|Any CPU
		{4389E313-9816-497C-B0EF-4486DB9227E9}.Release|x86.Build.0 = Release|Any CPU
		{B1075429-43A8-4847-B927-39361B3F2C75}.Debug|Any CPU.ActiveCfg = Debug|Any CPU
		{B1075429-43A8-4847-B927-39361B3F2C75}.Debug|Any CPU.Build.0 = Debug|Any CPU
		{B1075429-43A8-4847-B927-39361B3F2C75}.Debug|x64.ActiveCfg = Debug|Any CPU
		{B1075429-43A8-4847-B927-39361B3F2C75}.Debug|x64.Build.0 = Debug|Any CPU
		{B1075429-43A8-4847-B927-39361B3F2C75}.Debug|x86.ActiveCfg = Debug|Any CPU
		{B1075429-43A8-4847-B927-39361B3F2C75}.Debug|x86.Build.0 = Debug|Any CPU
		{B1075429-43A8-4847-B927-39361B3F2C75}.Release|Any CPU.ActiveCfg = Release|Any CPU
		{B1075429-43A8-4847-B927-39361B3F2C75}.Release|Any CPU.Build.0 = Release|Any CPU
		{B1075429-43A8-4847-B927-39361B3F2C75}.Release|x64.ActiveCfg = Release|Any CPU
		{B1075429-43A8-4847-B927-39361B3F2C75}.Release|x64.Build.0 = Release|Any CPU
		{B1075429-43A8-4847-B927-39361B3F2C75}.Release|x86.ActiveCfg = Release|Any CPU
		{B1075429-43A8-4847-B927-39361B3F2C75}.Release|x86.Build.0 = Release|Any CPU
	EndGlobalSection
	GlobalSection(SolutionProperties) = preSolution
		HideSolutionNode = FALSE
	EndGlobalSection
	GlobalSection(NestedProjects) = preSolution
		{FA1AFFB8-C1CB-44FB-948B-C6D3A63705AB} = {61E1DB06-9F1D-49A3-B6A2-1D141D0E15A2}
		{1F93EBBC-8C2D-4CF5-8AF5-F35DF3B5FA50} = {0F05462B-35E6-4CE8-A9B6-F411FE10E86C}
		{4DFA5C02-9D11-4F67-88DD-14480F766B2E} = {FA1AFFB8-C1CB-44FB-948B-C6D3A63705AB}
		{815D72B9-C83F-4EF2-9FCB-1B1CABF29026} = {FA1AFFB8-C1CB-44FB-948B-C6D3A63705AB}
		{3B620C49-B570-4A68-BFBE-44F1FF2C03F6} = {FA1AFFB8-C1CB-44FB-948B-C6D3A63705AB}
		{DCB290B6-B373-42BE-81CC-12431957721B} = {FA1AFFB8-C1CB-44FB-948B-C6D3A63705AB}
		{1B240A8A-A3F5-4BC2-8E39-63BB42AF0A4A} = {FA1AFFB8-C1CB-44FB-948B-C6D3A63705AB}
		{4E8E83BE-295E-4A6C-AFB5-7E5646F4489B} = {FA1AFFB8-C1CB-44FB-948B-C6D3A63705AB}
		{ADBBF2CB-5337-4540-B28E-EBA18C1FF2D9} = {FA1AFFB8-C1CB-44FB-948B-C6D3A63705AB}
		{4BC593D3-A392-477C-B78E-A770627A581F} = {FA1AFFB8-C1CB-44FB-948B-C6D3A63705AB}
		{A08B64D4-60AB-47FD-95EC-32FBFE6853D7} = {FA1AFFB8-C1CB-44FB-948B-C6D3A63705AB}
		{46CDE296-C281-460A-AC8D-65FA1C87845A} = {FA1AFFB8-C1CB-44FB-948B-C6D3A63705AB}
		{8784645B-535E-41C7-8CD7-A3A870F3EB36} = {FA1AFFB8-C1CB-44FB-948B-C6D3A63705AB}
		{125B3129-C3DE-424A-AB45-DC2484F6A436} = {0F05462B-35E6-4CE8-A9B6-F411FE10E86C}
		{7CCD2061-BC98-4994-B306-B89C6C87DC59} = {0F05462B-35E6-4CE8-A9B6-F411FE10E86C}
		{21B72156-96B8-43B9-901F-E2A0E45044CF} = {06BCBAB7-1B48-441C-845A-26BCC1688D8A}
		{CF304CA8-AD2C-43BE-AD71-B9128464C1C4} = {46FA0DDD-FF7A-4147-9F25-7A91DC91B258}
		{3B84D44C-3F03-49E2-BFA9-0C558B308C22} = {D40E1D4A-7F62-4384-96CB-C53A6A407196}
		{72C82B40-8548-4022-9CBD-5E4813397B28} = {FA1AFFB8-C1CB-44FB-948B-C6D3A63705AB}
		{BBC52D02-880E-4FA4-8BAB-C24B3E251659} = {FA1AFFB8-C1CB-44FB-948B-C6D3A63705AB}
		{3D28D9F5-19A7-4C67-B6DB-F3CED8914E41} = {FA1AFFB8-C1CB-44FB-948B-C6D3A63705AB}
		{0CF40B7D-B104-4E5C-B6E4-F302B29453F7} = {FA1AFFB8-C1CB-44FB-948B-C6D3A63705AB}
		{EE151130-8D91-4C9E-9B95-39D9C208DA32} = {FA1AFFB8-C1CB-44FB-948B-C6D3A63705AB}
		{FF562BD2-31CA-484A-929B-37F64F6D117C} = {FA1AFFB8-C1CB-44FB-948B-C6D3A63705AB}
		{58442ABB-832D-4017-92E7-FDA8EA042B74} = {FA1AFFB8-C1CB-44FB-948B-C6D3A63705AB}
		{9CA2E363-E4C2-4D1F-ACE6-D5F6587DEC89} = {FA1AFFB8-C1CB-44FB-948B-C6D3A63705AB}
		{0E5FADA7-8962-434B-A732-2BC3B897A80A} = {FA1AFFB8-C1CB-44FB-948B-C6D3A63705AB}
		{C4622821-EE64-45F0-9149-182B888B6C8E} = {FA1AFFB8-C1CB-44FB-948B-C6D3A63705AB}
		{8661E186-80C7-4609-B7B0-09AE12E75D5B} = {FA1AFFB8-C1CB-44FB-948B-C6D3A63705AB}
		{1B55078C-4A6F-463D-BFF0-698AB27405B5} = {FA1AFFB8-C1CB-44FB-948B-C6D3A63705AB}
		{4389E313-9816-497C-B0EF-4486DB9227E9} = {46FA0DDD-FF7A-4147-9F25-7A91DC91B258}
		{B1075429-43A8-4847-B927-39361B3F2C75} = {FA1AFFB8-C1CB-44FB-948B-C6D3A63705AB}
	EndGlobalSection
	GlobalSection(ExtensibilityGlobals) = postSolution
		SolutionGuid = {8FAD91D9-3BDC-4C7B-B895-574883F738E4}
	EndGlobalSection
	GlobalSection(Performance) = preSolution
		HasPerformanceSessions = true
	EndGlobalSection
EndGlobal
